// !$*UTF8*$!
{
	archiveVersion = 1;
	classes = {
	};
	objectVersion = 50;
	objects = {

/* Begin PBXBuildFile section */
		F567816025C82DD900FF5457 /* main.cpp in Sources */ = {isa = PBXBuildFile; fileRef = F567815F25C82DD900FF5457 /* main.cpp */; };
		F5771D2D25C960FA0077C55D /* libopencv_calib3d.4.5.1.dylib in Frameworks */ = {isa = PBXBuildFile; fileRef = F5771D2C25C960FA0077C55D /* libopencv_calib3d.4.5.1.dylib */; };
		F5771D2E25C960FA0077C55D /* libopencv_calib3d.4.5.1.dylib in Embed Libraries */ = {isa = PBXBuildFile; fileRef = F5771D2C25C960FA0077C55D /* libopencv_calib3d.4.5.1.dylib */; settings = {ATTRIBUTES = (CodeSignOnCopy, ); }; };
		F5771D3225C961710077C55D /* libopencv_highgui.4.5.1.dylib in Frameworks */ = {isa = PBXBuildFile; fileRef = F5771D3125C961710077C55D /* libopencv_highgui.4.5.1.dylib */; };
		F5771D3325C961710077C55D /* libopencv_highgui.4.5.1.dylib in Embed Libraries */ = {isa = PBXBuildFile; fileRef = F5771D3125C961710077C55D /* libopencv_highgui.4.5.1.dylib */; settings = {ATTRIBUTES = (CodeSignOnCopy, ); }; };
		F5771D3525C962610077C55D /* libopencv_imgcodecs.4.5.1.dylib in Frameworks */ = {isa = PBXBuildFile; fileRef = F5771D3425C962610077C55D /* libopencv_imgcodecs.4.5.1.dylib */; };
		F5771D3625C962610077C55D /* libopencv_imgcodecs.4.5.1.dylib in Embed Libraries */ = {isa = PBXBuildFile; fileRef = F5771D3425C962610077C55D /* libopencv_imgcodecs.4.5.1.dylib */; settings = {ATTRIBUTES = (CodeSignOnCopy, ); }; };
		F5771D3825C962710077C55D /* libopencv_imgproc.4.5.1.dylib in Frameworks */ = {isa = PBXBuildFile; fileRef = F5771D3725C962710077C55D /* libopencv_imgproc.4.5.1.dylib */; };
		F5771D3925C962710077C55D /* libopencv_imgproc.4.5.1.dylib in Embed Libraries */ = {isa = PBXBuildFile; fileRef = F5771D3725C962710077C55D /* libopencv_imgproc.4.5.1.dylib */; settings = {ATTRIBUTES = (CodeSignOnCopy, ); }; };
		F584EDD925CA86F900F19C45 /* libopencv_core.4.5.1.dylib in Frameworks */ = {isa = PBXBuildFile; fileRef = F584EDD825CA86F900F19C45 /* libopencv_core.4.5.1.dylib */; };
		F584EDDA25CA86F900F19C45 /* libopencv_core.4.5.1.dylib in Embed Libraries */ = {isa = PBXBuildFile; fileRef = F584EDD825CA86F900F19C45 /* libopencv_core.4.5.1.dylib */; settings = {ATTRIBUTES = (CodeSignOnCopy, ); }; };
/* End PBXBuildFile section */

/* Begin PBXCopyFilesBuildPhase section */
		F567815B25C82DD900FF5457 /* CopyFiles */ = {
			isa = PBXCopyFilesBuildPhase;
			buildActionMask = 2147483647;
			dstPath = /usr/share/man/man1/;
			dstSubfolderSpec = 0;
			files = (
			);
			runOnlyForDeploymentPostprocessing = 1;
		};
		F56781A425C92DA500FF5457 /* Embed Libraries */ = {
			isa = PBXCopyFilesBuildPhase;
			buildActionMask = 2147483647;
			dstPath = "";
			dstSubfolderSpec = 10;
			files = (
				F584EDDA25CA86F900F19C45 /* libopencv_core.4.5.1.dylib in Embed Libraries */,
				F5771D3625C962610077C55D /* libopencv_imgcodecs.4.5.1.dylib in Embed Libraries */,
				F5771D3325C961710077C55D /* libopencv_highgui.4.5.1.dylib in Embed Libraries */,
				F5771D2E25C960FA0077C55D /* libopencv_calib3d.4.5.1.dylib in Embed Libraries */,
				F5771D3925C962710077C55D /* libopencv_imgproc.4.5.1.dylib in Embed Libraries */,
			);
			name = "Embed Libraries";
			runOnlyForDeploymentPostprocessing = 0;
		};
/* End PBXCopyFilesBuildPhase section */

/* Begin PBXFileReference section */
		F567815D25C82DD900FF5457 /* Undistortion */ = {isa = PBXFileReference; explicitFileType = "compiled.mach-o.executable"; includeInIndex = 0; path = Undistortion; sourceTree = BUILT_PRODUCTS_DIR; };
		F567815F25C82DD900FF5457 /* main.cpp */ = {isa = PBXFileReference; lastKnownFileType = sourcecode.cpp.cpp; path = main.cpp; sourceTree = "<group>"; };
		F56781A125C92DA500FF5457 /* libopencv_core.4.2.0.dylib */ = {isa = PBXFileReference; lastKnownFileType = "compiled.mach-o.dylib"; name = libopencv_core.4.2.0.dylib; path = ../Frameworks/libopencv_core.4.2.0.dylib; sourceTree = "<group>"; };
		F56781A525C92F5B00FF5457 /* libopencv_imgcodecs.4.2.0.dylib */ = {isa = PBXFileReference; lastKnownFileType = "compiled.mach-o.dylib"; name = libopencv_imgcodecs.4.2.0.dylib; path = ../Frameworks/libopencv_imgcodecs.4.2.0.dylib; sourceTree = "<group>"; };
		F56781A825C92FB100FF5457 /* libopencv_imgproc.4.2.0.dylib */ = {isa = PBXFileReference; lastKnownFileType = "compiled.mach-o.dylib"; name = libopencv_imgproc.4.2.0.dylib; path = ../Frameworks/libopencv_imgproc.4.2.0.dylib; sourceTree = "<group>"; };
		F56781AB25C9384900FF5457 /* libopencv_calib3d.4.2.0.dylib */ = {isa = PBXFileReference; lastKnownFileType = "compiled.mach-o.dylib"; name = libopencv_calib3d.4.2.0.dylib; path = ../Frameworks/libopencv_calib3d.4.2.0.dylib; sourceTree = "<group>"; };
		F56781AE25C938AD00FF5457 /* libopencv_highgui.4.2.0.dylib */ = {isa = PBXFileReference; lastKnownFileType = "compiled.mach-o.dylib"; name = libopencv_highgui.4.2.0.dylib; path = ../Frameworks/libopencv_highgui.4.2.0.dylib; sourceTree = "<group>"; };
		F5771D2C25C960FA0077C55D /* libopencv_calib3d.4.5.1.dylib */ = {isa = PBXFileReference; lastKnownFileType = "compiled.mach-o.dylib"; name = libopencv_calib3d.4.5.1.dylib; path = ../Frameworks/libopencv_calib3d.4.5.1.dylib; sourceTree = "<group>"; };
		F5771D3125C961710077C55D /* libopencv_highgui.4.5.1.dylib */ = {isa = PBXFileReference; lastKnownFileType = "compiled.mach-o.dylib"; name = libopencv_highgui.4.5.1.dylib; path = ../Frameworks/libopencv_highgui.4.5.1.dylib; sourceTree = "<group>"; };
		F5771D3425C962610077C55D /* libopencv_imgcodecs.4.5.1.dylib */ = {isa = PBXFileReference; lastKnownFileType = "compiled.mach-o.dylib"; name = libopencv_imgcodecs.4.5.1.dylib; path = ../Frameworks/libopencv_imgcodecs.4.5.1.dylib; sourceTree = "<group>"; };
		F5771D3725C962710077C55D /* libopencv_imgproc.4.5.1.dylib */ = {isa = PBXFileReference; lastKnownFileType = "compiled.mach-o.dylib"; name = libopencv_imgproc.4.5.1.dylib; path = ../Frameworks/libopencv_imgproc.4.5.1.dylib; sourceTree = "<group>"; };
		F584EDD825CA86F900F19C45 /* libopencv_core.4.5.1.dylib */ = {isa = PBXFileReference; lastKnownFileType = "compiled.mach-o.dylib"; name = libopencv_core.4.5.1.dylib; path = ../Frameworks/libopencv_core.4.5.1.dylib; sourceTree = "<group>"; };
/* End PBXFileReference section */

/* Begin PBXFrameworksBuildPhase section */
		F567815A25C82DD900FF5457 /* Frameworks */ = {
			isa = PBXFrameworksBuildPhase;
			buildActionMask = 2147483647;
			files = (
				F584EDD925CA86F900F19C45 /* libopencv_core.4.5.1.dylib in Frameworks */,
				F5771D3525C962610077C55D /* libopencv_imgcodecs.4.5.1.dylib in Frameworks */,
				F5771D3225C961710077C55D /* libopencv_highgui.4.5.1.dylib in Frameworks */,
				F5771D2D25C960FA0077C55D /* libopencv_calib3d.4.5.1.dylib in Frameworks */,
				F5771D3825C962710077C55D /* libopencv_imgproc.4.5.1.dylib in Frameworks */,
			);
			runOnlyForDeploymentPostprocessing = 0;
		};
/* End PBXFrameworksBuildPhase section */

/* Begin PBXGroup section */
		F567814525C82D1900FF5457 = {
			isa = PBXGroup;
			children = (
				F567815E25C82DD900FF5457 /* Undistortion */,
				F567814F25C82D1900FF5457 /* Products */,
				F56781A025C92DA500FF5457 /* Frameworks */,
			);
			sourceTree = "<group>";
		};
		F567814F25C82D1900FF5457 /* Products */ = {
			isa = PBXGroup;
			children = (
				F567815D25C82DD900FF5457 /* Undistortion */,
			);
			name = Products;
			sourceTree = "<group>";
		};
		F567815E25C82DD900FF5457 /* Undistortion */ = {
			isa = PBXGroup;
			children = (
				F567815F25C82DD900FF5457 /* main.cpp */,
			);
			path = Undistortion;
			sourceTree = "<group>";
		};
		F56781A025C92DA500FF5457 /* Frameworks */ = {
			isa = PBXGroup;
			children = (
				F584EDD825CA86F900F19C45 /* libopencv_core.4.5.1.dylib */,
				F5771D3725C962710077C55D /* libopencv_imgproc.4.5.1.dylib */,
				F5771D3425C962610077C55D /* libopencv_imgcodecs.4.5.1.dylib */,
				F5771D3125C961710077C55D /* libopencv_highgui.4.5.1.dylib */,
				F5771D2C25C960FA0077C55D /* libopencv_calib3d.4.5.1.dylib */,
				F56781AE25C938AD00FF5457 /* libopencv_highgui.4.2.0.dylib */,
				F56781AB25C9384900FF5457 /* libopencv_calib3d.4.2.0.dylib */,
				F56781A825C92FB100FF5457 /* libopencv_imgproc.4.2.0.dylib */,
				F56781A525C92F5B00FF5457 /* libopencv_imgcodecs.4.2.0.dylib */,
				F56781A125C92DA500FF5457 /* libopencv_core.4.2.0.dylib */,
			);
			name = Frameworks;
			sourceTree = "<group>";
		};
/* End PBXGroup section */

/* Begin PBXNativeTarget section */
		F567815C25C82DD900FF5457 /* Undistortion */ = {
			isa = PBXNativeTarget;
			buildConfigurationList = F567816125C82DD900FF5457 /* Build configuration list for PBXNativeTarget "Undistortion" */;
			buildPhases = (
				F567815A25C82DD900FF5457 /* Frameworks */,
				F56781A425C92DA500FF5457 /* Embed Libraries */,
				F567815925C82DD900FF5457 /* Sources */,
				F567815B25C82DD900FF5457 /* CopyFiles */,
			);
			buildRules = (
			);
			dependencies = (
			);
			name = Undistortion;
			productName = Undistortion;
			productReference = F567815D25C82DD900FF5457 /* Undistortion */;
			productType = "com.apple.product-type.tool";
		};
/* End PBXNativeTarget section */

/* Begin PBXProject section */
		F567814625C82D1900FF5457 /* Project object */ = {
			isa = PBXProject;
			attributes = {
				LastUpgradeCheck = 1230;
				TargetAttributes = {
					F567815C25C82DD900FF5457 = {
						CreatedOnToolsVersion = 12.3;
					};
				};
			};
			buildConfigurationList = F567814925C82D1900FF5457 /* Build configuration list for PBXProject "C14_Calibration" */;
			compatibilityVersion = "Xcode 9.3";
			developmentRegion = en;
			hasScannedForEncodings = 0;
			knownRegions = (
				en,
				Base,
			);
			mainGroup = F567814525C82D1900FF5457;
			productRefGroup = F567814F25C82D1900FF5457 /* Products */;
			projectDirPath = "";
			projectRoot = "";
			targets = (
				F567815C25C82DD900FF5457 /* Undistortion */,
			);
		};
/* End PBXProject section */

/* Begin PBXSourcesBuildPhase section */
		F567815925C82DD900FF5457 /* Sources */ = {
			isa = PBXSourcesBuildPhase;
			buildActionMask = 2147483647;
			files = (
				F567816025C82DD900FF5457 /* main.cpp in Sources */,
			);
			runOnlyForDeploymentPostprocessing = 0;
		};
/* End PBXSourcesBuildPhase section */

/* Begin XCBuildConfiguration section */
		F567815325C82D1900FF5457 /* Debug */ = {
			isa = XCBuildConfiguration;
			buildSettings = {
				ALWAYS_SEARCH_USER_PATHS = NO;
				CLANG_ANALYZER_NONNULL = YES;
				CLANG_ANALYZER_NUMBER_OBJECT_CONVERSION = YES_AGGRESSIVE;
				CLANG_CXX_LANGUAGE_STANDARD = "gnu++14";
				CLANG_CXX_LIBRARY = "libc++";
				CLANG_ENABLE_MODULES = YES;
				CLANG_ENABLE_OBJC_ARC = YES;
				CLANG_ENABLE_OBJC_WEAK = YES;
				CLANG_WARN_BLOCK_CAPTURE_AUTORELEASING = YES;
				CLANG_WARN_BOOL_CONVERSION = YES;
				CLANG_WARN_COMMA = YES;
				CLANG_WARN_CONSTANT_CONVERSION = YES;
				CLANG_WARN_DEPRECATED_OBJC_IMPLEMENTATIONS = YES;
				CLANG_WARN_DIRECT_OBJC_ISA_USAGE = YES_ERROR;
				CLANG_WARN_DOCUMENTATION_COMMENTS = YES;
				CLANG_WARN_EMPTY_BODY = YES;
				CLANG_WARN_ENUM_CONVERSION = YES;
				CLANG_WARN_INFINITE_RECURSION = YES;
				CLANG_WARN_INT_CONVERSION = YES;
				CLANG_WARN_NON_LITERAL_NULL_CONVERSION = YES;
				CLANG_WARN_OBJC_IMPLICIT_RETAIN_SELF = YES;
				CLANG_WARN_OBJC_LITERAL_CONVERSION = YES;
				CLANG_WARN_OBJC_ROOT_CLASS = YES_ERROR;
				CLANG_WARN_QUOTED_INCLUDE_IN_FRAMEWORK_HEADER = YES;
				CLANG_WARN_RANGE_LOOP_ANALYSIS = YES;
				CLANG_WARN_STRICT_PROTOTYPES = YES;
				CLANG_WARN_SUSPICIOUS_MOVE = YES;
				CLANG_WARN_UNGUARDED_AVAILABILITY = YES_AGGRESSIVE;
				CLANG_WARN_UNREACHABLE_CODE = YES;
				CLANG_WARN__DUPLICATE_METHOD_MATCH = YES;
				COPY_PHASE_STRIP = NO;
				DEBUG_INFORMATION_FORMAT = dwarf;
				ENABLE_STRICT_OBJC_MSGSEND = YES;
				ENABLE_TESTABILITY = YES;
				GCC_C_LANGUAGE_STANDARD = gnu11;
				GCC_DYNAMIC_NO_PIC = NO;
				GCC_NO_COMMON_BLOCKS = YES;
				GCC_OPTIMIZATION_LEVEL = 0;
				GCC_PREPROCESSOR_DEFINITIONS = (
					"DEBUG=1",
					"$(inherited)",
				);
				GCC_WARN_64_TO_32_BIT_CONVERSION = YES;
				GCC_WARN_ABOUT_RETURN_TYPE = YES_ERROR;
				GCC_WARN_UNDECLARED_SELECTOR = YES;
				GCC_WARN_UNINITIALIZED_AUTOS = YES_AGGRESSIVE;
				GCC_WARN_UNUSED_FUNCTION = YES;
				GCC_WARN_UNUSED_VARIABLE = YES;
				HEADER_SEARCH_PATHS = "$(SRCROOT)/../Frameworks/Headers";
				LD_RUNPATH_SEARCH_PATHS = "";
				LIBRARY_SEARCH_PATHS = "";
				MACOSX_DEPLOYMENT_TARGET = 11.1;
				MTL_ENABLE_DEBUG_INFO = INCLUDE_SOURCE;
				MTL_FAST_MATH = YES;
				ONLY_ACTIVE_ARCH = YES;
				SDKROOT = macosx;
			};
			name = Debug;
		};
		F567815425C82D1900FF5457 /* Release */ = {
			isa = XCBuildConfiguration;
			buildSettings = {
				ALWAYS_SEARCH_USER_PATHS = NO;
				CLANG_ANALYZER_NONNULL = YES;
				CLANG_ANALYZER_NUMBER_OBJECT_CONVERSION = YES_AGGRESSIVE;
				CLANG_CXX_LANGUAGE_STANDARD = "gnu++14";
				CLANG_CXX_LIBRARY = "libc++";
				CLANG_ENABLE_MODULES = YES;
				CLANG_ENABLE_OBJC_ARC = YES;
				CLANG_ENABLE_OBJC_WEAK = YES;
				CLANG_WARN_BLOCK_CAPTURE_AUTORELEASING = YES;
				CLANG_WARN_BOOL_CONVERSION = YES;
				CLANG_WARN_COMMA = YES;
				CLANG_WARN_CONSTANT_CONVERSION = YES;
				CLANG_WARN_DEPRECATED_OBJC_IMPLEMENTATIONS = YES;
				CLANG_WARN_DIRECT_OBJC_ISA_USAGE = YES_ERROR;
				CLANG_WARN_DOCUMENTATION_COMMENTS = YES;
				CLANG_WARN_EMPTY_BODY = YES;
				CLANG_WARN_ENUM_CONVERSION = YES;
				CLANG_WARN_INFINITE_RECURSION = YES;
				CLANG_WARN_INT_CONVERSION = YES;
				CLANG_WARN_NON_LITERAL_NULL_CONVERSION = YES;
				CLANG_WARN_OBJC_IMPLICIT_RETAIN_SELF = YES;
				CLANG_WARN_OBJC_LITERAL_CONVERSION = YES;
				CLANG_WARN_OBJC_ROOT_CLASS = YES_ERROR;
				CLANG_WARN_QUOTED_INCLUDE_IN_FRAMEWORK_HEADER = YES;
				CLANG_WARN_RANGE_LOOP_ANALYSIS = YES;
				CLANG_WARN_STRICT_PROTOTYPES = YES;
				CLANG_WARN_SUSPICIOUS_MOVE = YES;
				CLANG_WARN_UNGUARDED_AVAILABILITY = YES_AGGRESSIVE;
				CLANG_WARN_UNREACHABLE_CODE = YES;
				CLANG_WARN__DUPLICATE_METHOD_MATCH = YES;
				COPY_PHASE_STRIP = NO;
				DEBUG_INFORMATION_FORMAT = "dwarf-with-dsym";
				ENABLE_NS_ASSERTIONS = NO;
				ENABLE_STRICT_OBJC_MSGSEND = YES;
				GCC_C_LANGUAGE_STANDARD = gnu11;
				GCC_NO_COMMON_BLOCKS = YES;
				GCC_WARN_64_TO_32_BIT_CONVERSION = YES;
				GCC_WARN_ABOUT_RETURN_TYPE = YES_ERROR;
				GCC_WARN_UNDECLARED_SELECTOR = YES;
				GCC_WARN_UNINITIALIZED_AUTOS = YES_AGGRESSIVE;
				GCC_WARN_UNUSED_FUNCTION = YES;
				GCC_WARN_UNUSED_VARIABLE = YES;
				HEADER_SEARCH_PATHS = "$(SRCROOT)/../Frameworks/Headers";
				LD_RUNPATH_SEARCH_PATHS = "";
				LIBRARY_SEARCH_PATHS = "";
				MACOSX_DEPLOYMENT_TARGET = 11.1;
				MTL_ENABLE_DEBUG_INFO = NO;
				MTL_FAST_MATH = YES;
				SDKROOT = macosx;
			};
			name = Release;
		};
		F567816225C82DD900FF5457 /* Debug */ = {
			isa = XCBuildConfiguration;
			buildSettings = {
				CODE_SIGN_STYLE = Automatic;
				DEVELOPMENT_TEAM = F6QSEMKSK2;
				ENABLE_HARDENED_RUNTIME = YES;
				PRODUCT_NAME = "$(TARGET_NAME)";
			};
			name = Debug;
		};
		F567816325C82DD900FF5457 /* Release */ = {
			isa = XCBuildConfiguration;
			buildSettings = {
				CODE_SIGN_STYLE = Automatic;
				DEVELOPMENT_TEAM = F6QSEMKSK2;
				ENABLE_HARDENED_RUNTIME = YES;
				PRODUCT_NAME = "$(TARGET_NAME)";
			};
			name = Release;
		};
/* End XCBuildConfiguration section */

/* Begin XCConfigurationList section */
		F567814925C82D1900FF5457 /* Build configuration list for PBXProject "C14_Calibration" */ = {
			isa = XCConfigurationList;
			buildConfigurations = (
				F567815325C82D1900FF5457 /* Debug */,
				F567815425C82D1900FF5457 /* Release */,
			);
			defaultConfigurationIsVisible = 0;
			defaultConfigurationName = Release;
		};
		F567816125C82DD900FF5457 /* Build configuration list for PBXNativeTarget "Undistortion" */ = {
			isa = XCConfigurationList;
			buildConfigurations = (
				F567816225C82DD900FF5457 /* Debug */,
				F567816325C82DD900FF5457 /* Release */,
			);
			defaultConfigurationIsVisible = 0;
			defaultConfigurationName = Release;
		};
/* End XCConfigurationList section */
	};
	rootObject = F567814625C82D1900FF5457 /* Project object */;
}
