// !$*UTF8*$!
{
	archiveVersion = 1;
	classes = {
	};
	objectVersion = 50;
	objects = {

/* Begin PBXBuildFile section */
		F5A5EDFA24B894FD00CCF236 /* main.cpp in Sources */ = {isa = PBXBuildFile; fileRef = F5A5EDF924B894FD00CCF236 /* main.cpp */; };
		F5A5EDFE24B895A900CCF236 /* libopencv_core.4.2.0.dylib in Frameworks */ = {isa = PBXBuildFile; fileRef = F5DD62A824B5DB1100120F15 /* libopencv_core.4.2.0.dylib */; };
		F5A5EDFF24B895A900CCF236 /* libopencv_core.4.2.0.dylib in Embed Libraries */ = {isa = PBXBuildFile; fileRef = F5DD62A824B5DB1100120F15 /* libopencv_core.4.2.0.dylib */; settings = {ATTRIBUTES = (CodeSignOnCopy, ); }; };
		F5A5EE0024B895A900CCF236 /* libopencv_highgui.4.2.0.dylib in Frameworks */ = {isa = PBXBuildFile; fileRef = F5DD62A624B5DB1100120F15 /* libopencv_highgui.4.2.0.dylib */; };
		F5A5EE0124B895A900CCF236 /* libopencv_highgui.4.2.0.dylib in Embed Libraries */ = {isa = PBXBuildFile; fileRef = F5DD62A624B5DB1100120F15 /* libopencv_highgui.4.2.0.dylib */; settings = {ATTRIBUTES = (CodeSignOnCopy, ); }; };
		F5A5EE0224B895AA00CCF236 /* libopencv_imgcodecs.4.2.0.dylib in Frameworks */ = {isa = PBXBuildFile; fileRef = F5DD62A524B5DB1100120F15 /* libopencv_imgcodecs.4.2.0.dylib */; };
		F5A5EE0324B895AA00CCF236 /* libopencv_imgcodecs.4.2.0.dylib in Embed Libraries */ = {isa = PBXBuildFile; fileRef = F5DD62A524B5DB1100120F15 /* libopencv_imgcodecs.4.2.0.dylib */; settings = {ATTRIBUTES = (CodeSignOnCopy, ); }; };
		F5A5EE0424B895AA00CCF236 /* libopencv_imgproc.4.2.0.dylib in Frameworks */ = {isa = PBXBuildFile; fileRef = F5DD62A724B5DB1100120F15 /* libopencv_imgproc.4.2.0.dylib */; };
		F5A5EE0524B895AA00CCF236 /* libopencv_imgproc.4.2.0.dylib in Embed Libraries */ = {isa = PBXBuildFile; fileRef = F5DD62A724B5DB1100120F15 /* libopencv_imgproc.4.2.0.dylib */; settings = {ATTRIBUTES = (CodeSignOnCopy, ); }; };
		F5DD62A024B5DA4900120F15 /* main.cpp in Sources */ = {isa = PBXBuildFile; fileRef = F5DD629F24B5DA4900120F15 /* main.cpp */; };
		F5DD62A924B5DB1100120F15 /* libopencv_imgcodecs.4.2.0.dylib in Frameworks */ = {isa = PBXBuildFile; fileRef = F5DD62A524B5DB1100120F15 /* libopencv_imgcodecs.4.2.0.dylib */; };
		F5DD62AA24B5DB1100120F15 /* libopencv_imgcodecs.4.2.0.dylib in Embed Libraries */ = {isa = PBXBuildFile; fileRef = F5DD62A524B5DB1100120F15 /* libopencv_imgcodecs.4.2.0.dylib */; settings = {ATTRIBUTES = (CodeSignOnCopy, ); }; };
		F5DD62AB24B5DB1100120F15 /* libopencv_highgui.4.2.0.dylib in Frameworks */ = {isa = PBXBuildFile; fileRef = F5DD62A624B5DB1100120F15 /* libopencv_highgui.4.2.0.dylib */; };
		F5DD62AC24B5DB1200120F15 /* libopencv_highgui.4.2.0.dylib in Embed Libraries */ = {isa = PBXBuildFile; fileRef = F5DD62A624B5DB1100120F15 /* libopencv_highgui.4.2.0.dylib */; settings = {ATTRIBUTES = (CodeSignOnCopy, ); }; };
		F5DD62AD24B5DB1200120F15 /* libopencv_imgproc.4.2.0.dylib in Frameworks */ = {isa = PBXBuildFile; fileRef = F5DD62A724B5DB1100120F15 /* libopencv_imgproc.4.2.0.dylib */; };
		F5DD62AE24B5DB1200120F15 /* libopencv_imgproc.4.2.0.dylib in Embed Libraries */ = {isa = PBXBuildFile; fileRef = F5DD62A724B5DB1100120F15 /* libopencv_imgproc.4.2.0.dylib */; settings = {ATTRIBUTES = (CodeSignOnCopy, ); }; };
		F5DD62AF24B5DB1200120F15 /* libopencv_core.4.2.0.dylib in Frameworks */ = {isa = PBXBuildFile; fileRef = F5DD62A824B5DB1100120F15 /* libopencv_core.4.2.0.dylib */; };
		F5DD62B024B5DB1200120F15 /* libopencv_core.4.2.0.dylib in Embed Libraries */ = {isa = PBXBuildFile; fileRef = F5DD62A824B5DB1100120F15 /* libopencv_core.4.2.0.dylib */; settings = {ATTRIBUTES = (CodeSignOnCopy, ); }; };
/* End PBXBuildFile section */

/* Begin PBXCopyFilesBuildPhase section */
		F5A5EDF524B894FD00CCF236 /* CopyFiles */ = {
			isa = PBXCopyFilesBuildPhase;
			buildActionMask = 2147483647;
			dstPath = /usr/share/man/man1/;
			dstSubfolderSpec = 0;
			files = (
			);
			runOnlyForDeploymentPostprocessing = 1;
		};
		F5A5EE0624B895AA00CCF236 /* Embed Libraries */ = {
			isa = PBXCopyFilesBuildPhase;
			buildActionMask = 2147483647;
			dstPath = "";
			dstSubfolderSpec = 10;
			files = (
				F5A5EDFF24B895A900CCF236 /* libopencv_core.4.2.0.dylib in Embed Libraries */,
				F5A5EE0524B895AA00CCF236 /* libopencv_imgproc.4.2.0.dylib in Embed Libraries */,
				F5A5EE0124B895A900CCF236 /* libopencv_highgui.4.2.0.dylib in Embed Libraries */,
				F5A5EE0324B895AA00CCF236 /* libopencv_imgcodecs.4.2.0.dylib in Embed Libraries */,
			);
			name = "Embed Libraries";
			runOnlyForDeploymentPostprocessing = 0;
		};
		F5DD629B24B5DA4900120F15 /* CopyFiles */ = {
			isa = PBXCopyFilesBuildPhase;
			buildActionMask = 2147483647;
			dstPath = /usr/share/man/man1/;
			dstSubfolderSpec = 0;
			files = (
			);
			runOnlyForDeploymentPostprocessing = 1;
		};
		F5DD62B124B5DB1200120F15 /* Embed Libraries */ = {
			isa = PBXCopyFilesBuildPhase;
			buildActionMask = 2147483647;
			dstPath = "";
			dstSubfolderSpec = 10;
			files = (
				F5DD62AA24B5DB1100120F15 /* libopencv_imgcodecs.4.2.0.dylib in Embed Libraries */,
				F5DD62AC24B5DB1200120F15 /* libopencv_highgui.4.2.0.dylib in Embed Libraries */,
				F5DD62B024B5DB1200120F15 /* libopencv_core.4.2.0.dylib in Embed Libraries */,
				F5DD62AE24B5DB1200120F15 /* libopencv_imgproc.4.2.0.dylib in Embed Libraries */,
			);
			name = "Embed Libraries";
			runOnlyForDeploymentPostprocessing = 0;
		};
/* End PBXCopyFilesBuildPhase section */

/* Begin PBXFileReference section */
		F5A5EDF724B894FD00CCF236 /* HoughCircles */ = {isa = PBXFileReference; explicitFileType = "compiled.mach-o.executable"; includeInIndex = 0; path = HoughCircles; sourceTree = BUILT_PRODUCTS_DIR; };
		F5A5EDF924B894FD00CCF236 /* main.cpp */ = {isa = PBXFileReference; lastKnownFileType = sourcecode.cpp.cpp; path = main.cpp; sourceTree = "<group>"; };
		F5DD629D24B5DA4900120F15 /* DFTConvolution */ = {isa = PBXFileReference; explicitFileType = "compiled.mach-o.executable"; includeInIndex = 0; path = DFTConvolution; sourceTree = BUILT_PRODUCTS_DIR; };
		F5DD629F24B5DA4900120F15 /* main.cpp */ = {isa = PBXFileReference; lastKnownFileType = sourcecode.cpp.cpp; path = main.cpp; sourceTree = "<group>"; };
		F5DD62A524B5DB1100120F15 /* libopencv_imgcodecs.4.2.0.dylib */ = {isa = PBXFileReference; lastKnownFileType = "compiled.mach-o.dylib"; name = libopencv_imgcodecs.4.2.0.dylib; path = ../Frameworks/libopencv_imgcodecs.4.2.0.dylib; sourceTree = "<group>"; };
		F5DD62A624B5DB1100120F15 /* libopencv_highgui.4.2.0.dylib */ = {isa = PBXFileReference; lastKnownFileType = "compiled.mach-o.dylib"; name = libopencv_highgui.4.2.0.dylib; path = ../Frameworks/libopencv_highgui.4.2.0.dylib; sourceTree = "<group>"; };
		F5DD62A724B5DB1100120F15 /* libopencv_imgproc.4.2.0.dylib */ = {isa = PBXFileReference; lastKnownFileType = "compiled.mach-o.dylib"; name = libopencv_imgproc.4.2.0.dylib; path = ../Frameworks/libopencv_imgproc.4.2.0.dylib; sourceTree = "<group>"; };
		F5DD62A824B5DB1100120F15 /* libopencv_core.4.2.0.dylib */ = {isa = PBXFileReference; lastKnownFileType = "compiled.mach-o.dylib"; name = libopencv_core.4.2.0.dylib; path = ../Frameworks/libopencv_core.4.2.0.dylib; sourceTree = "<group>"; };
/* End PBXFileReference section */

/* Begin PBXFrameworksBuildPhase section */
		F5A5EDF424B894FD00CCF236 /* Frameworks */ = {
			isa = PBXFrameworksBuildPhase;
			buildActionMask = 2147483647;
			files = (
				F5A5EDFE24B895A900CCF236 /* libopencv_core.4.2.0.dylib in Frameworks */,
				F5A5EE0424B895AA00CCF236 /* libopencv_imgproc.4.2.0.dylib in Frameworks */,
				F5A5EE0024B895A900CCF236 /* libopencv_highgui.4.2.0.dylib in Frameworks */,
				F5A5EE0224B895AA00CCF236 /* libopencv_imgcodecs.4.2.0.dylib in Frameworks */,
			);
			runOnlyForDeploymentPostprocessing = 0;
		};
		F5DD629A24B5DA4900120F15 /* Frameworks */ = {
			isa = PBXFrameworksBuildPhase;
			buildActionMask = 2147483647;
			files = (
				F5DD62A924B5DB1100120F15 /* libopencv_imgcodecs.4.2.0.dylib in Frameworks */,
				F5DD62AB24B5DB1100120F15 /* libopencv_highgui.4.2.0.dylib in Frameworks */,
				F5DD62AF24B5DB1200120F15 /* libopencv_core.4.2.0.dylib in Frameworks */,
				F5DD62AD24B5DB1200120F15 /* libopencv_imgproc.4.2.0.dylib in Frameworks */,
			);
			runOnlyForDeploymentPostprocessing = 0;
		};
/* End PBXFrameworksBuildPhase section */

/* Begin PBXGroup section */
		F5A5EDF824B894FD00CCF236 /* HoughCircles */ = {
			isa = PBXGroup;
			children = (
				F5A5EDF924B894FD00CCF236 /* main.cpp */,
			);
			path = HoughCircles;
			sourceTree = "<group>";
		};
		F5DD628624B5DA1600120F15 = {
			isa = PBXGroup;
			children = (
				F5DD629E24B5DA4900120F15 /* DFTConvolution */,
				F5A5EDF824B894FD00CCF236 /* HoughCircles */,
				F5DD629024B5DA1600120F15 /* Products */,
				F5DD62A424B5DB1100120F15 /* Frameworks */,
			);
			sourceTree = "<group>";
		};
		F5DD629024B5DA1600120F15 /* Products */ = {
			isa = PBXGroup;
			children = (
				F5DD629D24B5DA4900120F15 /* DFTConvolution */,
				F5A5EDF724B894FD00CCF236 /* HoughCircles */,
			);
			name = Products;
			sourceTree = "<group>";
		};
		F5DD629E24B5DA4900120F15 /* DFTConvolution */ = {
			isa = PBXGroup;
			children = (
				F5DD629F24B5DA4900120F15 /* main.cpp */,
			);
			path = DFTConvolution;
			sourceTree = "<group>";
		};
		F5DD62A424B5DB1100120F15 /* Frameworks */ = {
			isa = PBXGroup;
			children = (
				F5DD62A824B5DB1100120F15 /* libopencv_core.4.2.0.dylib */,
				F5DD62A624B5DB1100120F15 /* libopencv_highgui.4.2.0.dylib */,
				F5DD62A524B5DB1100120F15 /* libopencv_imgcodecs.4.2.0.dylib */,
				F5DD62A724B5DB1100120F15 /* libopencv_imgproc.4.2.0.dylib */,
			);
			name = Frameworks;
			sourceTree = "<group>";
		};
/* End PBXGroup section */

/* Begin PBXNativeTarget section */
		F5A5EDF624B894FD00CCF236 /* HoughCircles */ = {
			isa = PBXNativeTarget;
			buildConfigurationList = F5A5EDFD24B894FD00CCF236 /* Build configuration list for PBXNativeTarget "HoughCircles" */;
			buildPhases = (
				F5A5EE0624B895AA00CCF236 /* Embed Libraries */,
				F5A5EDF324B894FD00CCF236 /* Sources */,
				F5A5EDF424B894FD00CCF236 /* Frameworks */,
				F5A5EDF524B894FD00CCF236 /* CopyFiles */,
			);
			buildRules = (
			);
			dependencies = (
			);
			name = HoughCircles;
			productName = HoughCircles;
			productReference = F5A5EDF724B894FD00CCF236 /* HoughCircles */;
			productType = "com.apple.product-type.tool";
		};
		F5DD629C24B5DA4900120F15 /* DFTConvolution */ = {
			isa = PBXNativeTarget;
			buildConfigurationList = F5DD62A124B5DA4900120F15 /* Build configuration list for PBXNativeTarget "DFTConvolution" */;
			buildPhases = (
				F5DD62B124B5DB1200120F15 /* Embed Libraries */,
				F5DD629924B5DA4900120F15 /* Sources */,
				F5DD629A24B5DA4900120F15 /* Frameworks */,
				F5DD629B24B5DA4900120F15 /* CopyFiles */,
			);
			buildRules = (
			);
			dependencies = (
			);
			name = DFTConvolution;
			productName = DFTConvolution;
			productReference = F5DD629D24B5DA4900120F15 /* DFTConvolution */;
			productType = "com.apple.product-type.tool";
		};
/* End PBXNativeTarget section */

/* Begin PBXProject section */
		F5DD628724B5DA1600120F15 /* Project object */ = {
			isa = PBXProject;
			attributes = {
				LastUpgradeCheck = 1150;
				ORGANIZATIONNAME = chenjie;
				TargetAttributes = {
					F5A5EDF624B894FD00CCF236 = {
						CreatedOnToolsVersion = 11.5;
					};
					F5DD629C24B5DA4900120F15 = {
						CreatedOnToolsVersion = 11.5;
					};
				};
			};
			buildConfigurationList = F5DD628A24B5DA1600120F15 /* Build configuration list for PBXProject "C8_ImageAnalysis" */;
			compatibilityVersion = "Xcode 9.3";
			developmentRegion = en;
			hasScannedForEncodings = 0;
			knownRegions = (
				en,
				Base,
			);
			mainGroup = F5DD628624B5DA1600120F15;
			productRefGroup = F5DD629024B5DA1600120F15 /* Products */;
			projectDirPath = "";
			projectRoot = "";
			targets = (
				F5DD629C24B5DA4900120F15 /* DFTConvolution */,
				F5A5EDF624B894FD00CCF236 /* HoughCircles */,
			);
		};
/* End PBXProject section */

/* Begin PBXSourcesBuildPhase section */
		F5A5EDF324B894FD00CCF236 /* Sources */ = {
			isa = PBXSourcesBuildPhase;
			buildActionMask = 2147483647;
			files = (
				F5A5EDFA24B894FD00CCF236 /* main.cpp in Sources */,
			);
			runOnlyForDeploymentPostprocessing = 0;
		};
		F5DD629924B5DA4900120F15 /* Sources */ = {
			isa = PBXSourcesBuildPhase;
			buildActionMask = 2147483647;
			files = (
				F5DD62A024B5DA4900120F15 /* main.cpp in Sources */,
			);
			runOnlyForDeploymentPostprocessing = 0;
		};
/* End PBXSourcesBuildPhase section */

/* Begin XCBuildConfiguration section */
		F5A5EDFB24B894FD00CCF236 /* Debug */ = {
			isa = XCBuildConfiguration;
			buildSettings = {
				CODE_SIGN_STYLE = Automatic;
				DEVELOPMENT_TEAM = HABU2A8ZM2;
				ENABLE_HARDENED_RUNTIME = YES;
				PRODUCT_NAME = "$(TARGET_NAME)";
			};
			name = Debug;
		};
		F5A5EDFC24B894FD00CCF236 /* Release */ = {
			isa = XCBuildConfiguration;
			buildSettings = {
				CODE_SIGN_STYLE = Automatic;
				DEVELOPMENT_TEAM = HABU2A8ZM2;
				ENABLE_HARDENED_RUNTIME = YES;
				PRODUCT_NAME = "$(TARGET_NAME)";
			};
			name = Release;
		};
		F5DD629424B5DA1600120F15 /* Debug */ = {
			isa = XCBuildConfiguration;
			buildSettings = {
				ALWAYS_SEARCH_USER_PATHS = NO;
				CLANG_ANALYZER_NONNULL = YES;
				CLANG_ANALYZER_NUMBER_OBJECT_CONVERSION = YES_AGGRESSIVE;
				CLANG_CXX_LANGUAGE_STANDARD = "gnu++14";
				CLANG_CXX_LIBRARY = "libc++";
				CLANG_ENABLE_MODULES = YES;
				CLANG_ENABLE_OBJC_ARC = YES;
				CLANG_ENABLE_OBJC_WEAK = YES;
				CLANG_WARN_BLOCK_CAPTURE_AUTORELEASING = YES;
				CLANG_WARN_BOOL_CONVERSION = YES;
				CLANG_WARN_COMMA = YES;
				CLANG_WARN_CONSTANT_CONVERSION = YES;
				CLANG_WARN_DEPRECATED_OBJC_IMPLEMENTATIONS = YES;
				CLANG_WARN_DIRECT_OBJC_ISA_USAGE = YES_ERROR;
				CLANG_WARN_DOCUMENTATION_COMMENTS = YES;
				CLANG_WARN_EMPTY_BODY = YES;
				CLANG_WARN_ENUM_CONVERSION = YES;
				CLANG_WARN_INFINITE_RECURSION = YES;
				CLANG_WARN_INT_CONVERSION = YES;
				CLANG_WARN_NON_LITERAL_NULL_CONVERSION = YES;
				CLANG_WARN_OBJC_IMPLICIT_RETAIN_SELF = YES;
				CLANG_WARN_OBJC_LITERAL_CONVERSION = YES;
				CLANG_WARN_OBJC_ROOT_CLASS = YES_ERROR;
				CLANG_WARN_RANGE_LOOP_ANALYSIS = YES;
				CLANG_WARN_STRICT_PROTOTYPES = YES;
				CLANG_WARN_SUSPICIOUS_MOVE = YES;
				CLANG_WARN_UNGUARDED_AVAILABILITY = YES_AGGRESSIVE;
				CLANG_WARN_UNREACHABLE_CODE = YES;
				CLANG_WARN__DUPLICATE_METHOD_MATCH = YES;
				COPY_PHASE_STRIP = NO;
				DEBUG_INFORMATION_FORMAT = dwarf;
				ENABLE_STRICT_OBJC_MSGSEND = YES;
				ENABLE_TESTABILITY = YES;
				GCC_C_LANGUAGE_STANDARD = gnu11;
				GCC_DYNAMIC_NO_PIC = NO;
				GCC_NO_COMMON_BLOCKS = YES;
				GCC_OPTIMIZATION_LEVEL = 0;
				GCC_PREPROCESSOR_DEFINITIONS = (
					"DEBUG=1",
					"$(inherited)",
				);
				GCC_WARN_64_TO_32_BIT_CONVERSION = YES;
				GCC_WARN_ABOUT_RETURN_TYPE = YES_ERROR;
				GCC_WARN_UNDECLARED_SELECTOR = YES;
				GCC_WARN_UNINITIALIZED_AUTOS = YES_AGGRESSIVE;
				GCC_WARN_UNUSED_FUNCTION = YES;
				GCC_WARN_UNUSED_VARIABLE = YES;
				HEADER_SEARCH_PATHS = /Users/chenjie/Desktop/GitHubRep/OpenCV3/Frameworks/Headers;
				MACOSX_DEPLOYMENT_TARGET = 10.15;
				MTL_ENABLE_DEBUG_INFO = INCLUDE_SOURCE;
				MTL_FAST_MATH = YES;
				ONLY_ACTIVE_ARCH = YES;
				SDKROOT = macosx;
			};
			name = Debug;
		};
		F5DD629524B5DA1600120F15 /* Release */ = {
			isa = XCBuildConfiguration;
			buildSettings = {
				ALWAYS_SEARCH_USER_PATHS = NO;
				CLANG_ANALYZER_NONNULL = YES;
				CLANG_ANALYZER_NUMBER_OBJECT_CONVERSION = YES_AGGRESSIVE;
				CLANG_CXX_LANGUAGE_STANDARD = "gnu++14";
				CLANG_CXX_LIBRARY = "libc++";
				CLANG_ENABLE_MODULES = YES;
				CLANG_ENABLE_OBJC_ARC = YES;
				CLANG_ENABLE_OBJC_WEAK = YES;
				CLANG_WARN_BLOCK_CAPTURE_AUTORELEASING = YES;
				CLANG_WARN_BOOL_CONVERSION = YES;
				CLANG_WARN_COMMA = YES;
				CLANG_WARN_CONSTANT_CONVERSION = YES;
				CLANG_WARN_DEPRECATED_OBJC_IMPLEMENTATIONS = YES;
				CLANG_WARN_DIRECT_OBJC_ISA_USAGE = YES_ERROR;
				CLANG_WARN_DOCUMENTATION_COMMENTS = YES;
				CLANG_WARN_EMPTY_BODY = YES;
				CLANG_WARN_ENUM_CONVERSION = YES;
				CLANG_WARN_INFINITE_RECURSION = YES;
				CLANG_WARN_INT_CONVERSION = YES;
				CLANG_WARN_NON_LITERAL_NULL_CONVERSION = YES;
				CLANG_WARN_OBJC_IMPLICIT_RETAIN_SELF = YES;
				CLANG_WARN_OBJC_LITERAL_CONVERSION = YES;
				CLANG_WARN_OBJC_ROOT_CLASS = YES_ERROR;
				CLANG_WARN_RANGE_LOOP_ANALYSIS = YES;
				CLANG_WARN_STRICT_PROTOTYPES = YES;
				CLANG_WARN_SUSPICIOUS_MOVE = YES;
				CLANG_WARN_UNGUARDED_AVAILABILITY = YES_AGGRESSIVE;
				CLANG_WARN_UNREACHABLE_CODE = YES;
				CLANG_WARN__DUPLICATE_METHOD_MATCH = YES;
				COPY_PHASE_STRIP = NO;
				DEBUG_INFORMATION_FORMAT = "dwarf-with-dsym";
				ENABLE_NS_ASSERTIONS = NO;
				ENABLE_STRICT_OBJC_MSGSEND = YES;
				GCC_C_LANGUAGE_STANDARD = gnu11;
				GCC_NO_COMMON_BLOCKS = YES;
				GCC_WARN_64_TO_32_BIT_CONVERSION = YES;
				GCC_WARN_ABOUT_RETURN_TYPE = YES_ERROR;
				GCC_WARN_UNDECLARED_SELECTOR = YES;
				GCC_WARN_UNINITIALIZED_AUTOS = YES_AGGRESSIVE;
				GCC_WARN_UNUSED_FUNCTION = YES;
				GCC_WARN_UNUSED_VARIABLE = YES;
				HEADER_SEARCH_PATHS = /Users/chenjie/Desktop/GitHubRep/OpenCV3/Frameworks/Headers;
				MACOSX_DEPLOYMENT_TARGET = 10.15;
				MTL_ENABLE_DEBUG_INFO = NO;
				MTL_FAST_MATH = YES;
				SDKROOT = macosx;
			};
			name = Release;
		};
		F5DD62A224B5DA4900120F15 /* Debug */ = {
			isa = XCBuildConfiguration;
			buildSettings = {
				CODE_SIGN_STYLE = Automatic;
				DEVELOPMENT_TEAM = HABU2A8ZM2;
				ENABLE_HARDENED_RUNTIME = YES;
				PRODUCT_NAME = "$(TARGET_NAME)";
			};
			name = Debug;
		};
		F5DD62A324B5DA4900120F15 /* Release */ = {
			isa = XCBuildConfiguration;
			buildSettings = {
				CODE_SIGN_STYLE = Automatic;
				DEVELOPMENT_TEAM = HABU2A8ZM2;
				ENABLE_HARDENED_RUNTIME = YES;
				PRODUCT_NAME = "$(TARGET_NAME)";
			};
			name = Release;
		};
/* End XCBuildConfiguration section */

/* Begin XCConfigurationList section */
		F5A5EDFD24B894FD00CCF236 /* Build configuration list for PBXNativeTarget "HoughCircles" */ = {
			isa = XCConfigurationList;
			buildConfigurations = (
				F5A5EDFB24B894FD00CCF236 /* Debug */,
				F5A5EDFC24B894FD00CCF236 /* Release */,
			);
			defaultConfigurationIsVisible = 0;
			defaultConfigurationName = Release;
		};
		F5DD628A24B5DA1600120F15 /* Build configuration list for PBXProject "C8_ImageAnalysis" */ = {
			isa = XCConfigurationList;
			buildConfigurations = (
				F5DD629424B5DA1600120F15 /* Debug */,
				F5DD629524B5DA1600120F15 /* Release */,
			);
			defaultConfigurationIsVisible = 0;
			defaultConfigurationName = Release;
		};
		F5DD62A124B5DA4900120F15 /* Build configuration list for PBXNativeTarget "DFTConvolution" */ = {
			isa = XCConfigurationList;
			buildConfigurations = (
				F5DD62A224B5DA4900120F15 /* Debug */,
				F5DD62A324B5DA4900120F15 /* Release */,
			);
			defaultConfigurationIsVisible = 0;
			defaultConfigurationName = Release;
		};
/* End XCConfigurationList section */
	};
	rootObject = F5DD628724B5DA1600120F15 /* Project object */;
}
