// !$*UTF8*$!
{
	archiveVersion = 1;
	classes = {
	};
	objectVersion = 50;
	objects = {

/* Begin PBXBuildFile section */
		F5A5EE2124BC732400CCF236 /* main.cpp in Sources */ = {isa = PBXBuildFile; fileRef = F5A5EE2024BC732400CCF236 /* main.cpp */; };
		F5A5EE2A24BC73BD00CCF236 /* libopencv_highgui.4.2.0.dylib in Frameworks */ = {isa = PBXBuildFile; fileRef = F5A5EE2624BC73BD00CCF236 /* libopencv_highgui.4.2.0.dylib */; };
		F5A5EE2B24BC73BD00CCF236 /* libopencv_highgui.4.2.0.dylib in Embed Libraries */ = {isa = PBXBuildFile; fileRef = F5A5EE2624BC73BD00CCF236 /* libopencv_highgui.4.2.0.dylib */; settings = {ATTRIBUTES = (CodeSignOnCopy, ); }; };
		F5A5EE2C24BC73BD00CCF236 /* libopencv_imgproc.4.2.0.dylib in Frameworks */ = {isa = PBXBuildFile; fileRef = F5A5EE2724BC73BD00CCF236 /* libopencv_imgproc.4.2.0.dylib */; };
		F5A5EE2D24BC73BD00CCF236 /* libopencv_imgproc.4.2.0.dylib in Embed Libraries */ = {isa = PBXBuildFile; fileRef = F5A5EE2724BC73BD00CCF236 /* libopencv_imgproc.4.2.0.dylib */; settings = {ATTRIBUTES = (CodeSignOnCopy, ); }; };
		F5A5EE2E24BC73BD00CCF236 /* libopencv_imgcodecs.4.2.0.dylib in Frameworks */ = {isa = PBXBuildFile; fileRef = F5A5EE2824BC73BD00CCF236 /* libopencv_imgcodecs.4.2.0.dylib */; };
		F5A5EE2F24BC73BD00CCF236 /* libopencv_imgcodecs.4.2.0.dylib in Embed Libraries */ = {isa = PBXBuildFile; fileRef = F5A5EE2824BC73BD00CCF236 /* libopencv_imgcodecs.4.2.0.dylib */; settings = {ATTRIBUTES = (CodeSignOnCopy, ); }; };
		F5A5EE3024BC73BD00CCF236 /* libopencv_core.4.2.0.dylib in Frameworks */ = {isa = PBXBuildFile; fileRef = F5A5EE2924BC73BD00CCF236 /* libopencv_core.4.2.0.dylib */; };
		F5A5EE3124BC73BD00CCF236 /* libopencv_core.4.2.0.dylib in Embed Libraries */ = {isa = PBXBuildFile; fileRef = F5A5EE2924BC73BD00CCF236 /* libopencv_core.4.2.0.dylib */; settings = {ATTRIBUTES = (CodeSignOnCopy, ); }; };
		F5A5EE3A24BDA1E800CCF236 /* main.cpp in Sources */ = {isa = PBXBuildFile; fileRef = F5A5EE3924BDA1E800CCF236 /* main.cpp */; };
		F5A5EE3E24BDA49400CCF236 /* libopencv_core.4.2.0.dylib in Frameworks */ = {isa = PBXBuildFile; fileRef = F5A5EE2924BC73BD00CCF236 /* libopencv_core.4.2.0.dylib */; };
		F5A5EE3F24BDA49400CCF236 /* libopencv_core.4.2.0.dylib in Embed Libraries */ = {isa = PBXBuildFile; fileRef = F5A5EE2924BC73BD00CCF236 /* libopencv_core.4.2.0.dylib */; settings = {ATTRIBUTES = (CodeSignOnCopy, ); }; };
		F5A5EE4024BDA49400CCF236 /* libopencv_highgui.4.2.0.dylib in Frameworks */ = {isa = PBXBuildFile; fileRef = F5A5EE2624BC73BD00CCF236 /* libopencv_highgui.4.2.0.dylib */; };
		F5A5EE4124BDA49400CCF236 /* libopencv_highgui.4.2.0.dylib in Embed Libraries */ = {isa = PBXBuildFile; fileRef = F5A5EE2624BC73BD00CCF236 /* libopencv_highgui.4.2.0.dylib */; settings = {ATTRIBUTES = (CodeSignOnCopy, ); }; };
		F5A5EE4224BDA49400CCF236 /* libopencv_imgcodecs.4.2.0.dylib in Frameworks */ = {isa = PBXBuildFile; fileRef = F5A5EE2824BC73BD00CCF236 /* libopencv_imgcodecs.4.2.0.dylib */; };
		F5A5EE4324BDA49400CCF236 /* libopencv_imgcodecs.4.2.0.dylib in Embed Libraries */ = {isa = PBXBuildFile; fileRef = F5A5EE2824BC73BD00CCF236 /* libopencv_imgcodecs.4.2.0.dylib */; settings = {ATTRIBUTES = (CodeSignOnCopy, ); }; };
		F5A5EE4424BDA49400CCF236 /* libopencv_imgproc.4.2.0.dylib in Frameworks */ = {isa = PBXBuildFile; fileRef = F5A5EE2724BC73BD00CCF236 /* libopencv_imgproc.4.2.0.dylib */; };
		F5A5EE4524BDA49400CCF236 /* libopencv_imgproc.4.2.0.dylib in Embed Libraries */ = {isa = PBXBuildFile; fileRef = F5A5EE2724BC73BD00CCF236 /* libopencv_imgproc.4.2.0.dylib */; settings = {ATTRIBUTES = (CodeSignOnCopy, ); }; };
/* End PBXBuildFile section */

/* Begin PBXCopyFilesBuildPhase section */
		F5A5EE1C24BC732400CCF236 /* CopyFiles */ = {
			isa = PBXCopyFilesBuildPhase;
			buildActionMask = 2147483647;
			dstPath = /usr/share/man/man1/;
			dstSubfolderSpec = 0;
			files = (
			);
			runOnlyForDeploymentPostprocessing = 1;
		};
		F5A5EE3224BC73BD00CCF236 /* Embed Libraries */ = {
			isa = PBXCopyFilesBuildPhase;
			buildActionMask = 2147483647;
			dstPath = "";
			dstSubfolderSpec = 10;
			files = (
				F5A5EE2B24BC73BD00CCF236 /* libopencv_highgui.4.2.0.dylib in Embed Libraries */,
				F5A5EE2D24BC73BD00CCF236 /* libopencv_imgproc.4.2.0.dylib in Embed Libraries */,
				F5A5EE3124BC73BD00CCF236 /* libopencv_core.4.2.0.dylib in Embed Libraries */,
				F5A5EE2F24BC73BD00CCF236 /* libopencv_imgcodecs.4.2.0.dylib in Embed Libraries */,
			);
			name = "Embed Libraries";
			runOnlyForDeploymentPostprocessing = 0;
		};
		F5A5EE3524BDA1E800CCF236 /* CopyFiles */ = {
			isa = PBXCopyFilesBuildPhase;
			buildActionMask = 2147483647;
			dstPath = /usr/share/man/man1/;
			dstSubfolderSpec = 0;
			files = (
			);
			runOnlyForDeploymentPostprocessing = 1;
		};
		F5A5EE4624BDA49400CCF236 /* Embed Libraries */ = {
			isa = PBXCopyFilesBuildPhase;
			buildActionMask = 2147483647;
			dstPath = "";
			dstSubfolderSpec = 10;
			files = (
				F5A5EE3F24BDA49400CCF236 /* libopencv_core.4.2.0.dylib in Embed Libraries */,
				F5A5EE4524BDA49400CCF236 /* libopencv_imgproc.4.2.0.dylib in Embed Libraries */,
				F5A5EE4124BDA49400CCF236 /* libopencv_highgui.4.2.0.dylib in Embed Libraries */,
				F5A5EE4324BDA49400CCF236 /* libopencv_imgcodecs.4.2.0.dylib in Embed Libraries */,
			);
			name = "Embed Libraries";
			runOnlyForDeploymentPostprocessing = 0;
		};
/* End PBXCopyFilesBuildPhase section */

/* Begin PBXFileReference section */
		F5A5EE1E24BC732400CCF236 /* Computation */ = {isa = PBXFileReference; explicitFileType = "compiled.mach-o.executable"; includeInIndex = 0; path = Computation; sourceTree = BUILT_PRODUCTS_DIR; };
		F5A5EE2024BC732400CCF236 /* main.cpp */ = {isa = PBXFileReference; lastKnownFileType = sourcecode.cpp.cpp; path = main.cpp; sourceTree = "<group>"; };
		F5A5EE2624BC73BD00CCF236 /* libopencv_highgui.4.2.0.dylib */ = {isa = PBXFileReference; lastKnownFileType = "compiled.mach-o.dylib"; name = libopencv_highgui.4.2.0.dylib; path = ../Frameworks/libopencv_highgui.4.2.0.dylib; sourceTree = "<group>"; };
		F5A5EE2724BC73BD00CCF236 /* libopencv_imgproc.4.2.0.dylib */ = {isa = PBXFileReference; lastKnownFileType = "compiled.mach-o.dylib"; name = libopencv_imgproc.4.2.0.dylib; path = ../Frameworks/libopencv_imgproc.4.2.0.dylib; sourceTree = "<group>"; };
		F5A5EE2824BC73BD00CCF236 /* libopencv_imgcodecs.4.2.0.dylib */ = {isa = PBXFileReference; lastKnownFileType = "compiled.mach-o.dylib"; name = libopencv_imgcodecs.4.2.0.dylib; path = ../Frameworks/libopencv_imgcodecs.4.2.0.dylib; sourceTree = "<group>"; };
		F5A5EE2924BC73BD00CCF236 /* libopencv_core.4.2.0.dylib */ = {isa = PBXFileReference; lastKnownFileType = "compiled.mach-o.dylib"; name = libopencv_core.4.2.0.dylib; path = ../Frameworks/libopencv_core.4.2.0.dylib; sourceTree = "<group>"; };
		F5A5EE3724BDA1E800CCF236 /* EMD */ = {isa = PBXFileReference; explicitFileType = "compiled.mach-o.executable"; includeInIndex = 0; path = EMD; sourceTree = BUILT_PRODUCTS_DIR; };
		F5A5EE3924BDA1E800CCF236 /* main.cpp */ = {isa = PBXFileReference; lastKnownFileType = sourcecode.cpp.cpp; path = main.cpp; sourceTree = "<group>"; };
/* End PBXFileReference section */

/* Begin PBXFrameworksBuildPhase section */
		F5A5EE1B24BC732400CCF236 /* Frameworks */ = {
			isa = PBXFrameworksBuildPhase;
			buildActionMask = 2147483647;
			files = (
				F5A5EE2A24BC73BD00CCF236 /* libopencv_highgui.4.2.0.dylib in Frameworks */,
				F5A5EE2C24BC73BD00CCF236 /* libopencv_imgproc.4.2.0.dylib in Frameworks */,
				F5A5EE3024BC73BD00CCF236 /* libopencv_core.4.2.0.dylib in Frameworks */,
				F5A5EE2E24BC73BD00CCF236 /* libopencv_imgcodecs.4.2.0.dylib in Frameworks */,
			);
			runOnlyForDeploymentPostprocessing = 0;
		};
		F5A5EE3424BDA1E800CCF236 /* Frameworks */ = {
			isa = PBXFrameworksBuildPhase;
			buildActionMask = 2147483647;
			files = (
				F5A5EE3E24BDA49400CCF236 /* libopencv_core.4.2.0.dylib in Frameworks */,
				F5A5EE4424BDA49400CCF236 /* libopencv_imgproc.4.2.0.dylib in Frameworks */,
				F5A5EE4024BDA49400CCF236 /* libopencv_highgui.4.2.0.dylib in Frameworks */,
				F5A5EE4224BDA49400CCF236 /* libopencv_imgcodecs.4.2.0.dylib in Frameworks */,
			);
			runOnlyForDeploymentPostprocessing = 0;
		};
/* End PBXFrameworksBuildPhase section */

/* Begin PBXGroup section */
		F5A5EE0724BC705D00CCF236 = {
			isa = PBXGroup;
			children = (
				F5A5EE1F24BC732400CCF236 /* Computation */,
				F5A5EE3824BDA1E800CCF236 /* EMD */,
				F5A5EE1124BC705D00CCF236 /* Products */,
				F5A5EE2524BC73BC00CCF236 /* Frameworks */,
			);
			sourceTree = "<group>";
		};
		F5A5EE1124BC705D00CCF236 /* Products */ = {
			isa = PBXGroup;
			children = (
				F5A5EE1E24BC732400CCF236 /* Computation */,
				F5A5EE3724BDA1E800CCF236 /* EMD */,
			);
			name = Products;
			sourceTree = "<group>";
		};
		F5A5EE1F24BC732400CCF236 /* Computation */ = {
			isa = PBXGroup;
			children = (
				F5A5EE2024BC732400CCF236 /* main.cpp */,
			);
			path = Computation;
			sourceTree = "<group>";
		};
		F5A5EE2524BC73BC00CCF236 /* Frameworks */ = {
			isa = PBXGroup;
			children = (
				F5A5EE2924BC73BD00CCF236 /* libopencv_core.4.2.0.dylib */,
				F5A5EE2624BC73BD00CCF236 /* libopencv_highgui.4.2.0.dylib */,
				F5A5EE2824BC73BD00CCF236 /* libopencv_imgcodecs.4.2.0.dylib */,
				F5A5EE2724BC73BD00CCF236 /* libopencv_imgproc.4.2.0.dylib */,
			);
			name = Frameworks;
			sourceTree = "<group>";
		};
		F5A5EE3824BDA1E800CCF236 /* EMD */ = {
			isa = PBXGroup;
			children = (
				F5A5EE3924BDA1E800CCF236 /* main.cpp */,
			);
			path = EMD;
			sourceTree = "<group>";
		};
/* End PBXGroup section */

/* Begin PBXNativeTarget section */
		F5A5EE1D24BC732400CCF236 /* Computation */ = {
			isa = PBXNativeTarget;
			buildConfigurationList = F5A5EE2224BC732400CCF236 /* Build configuration list for PBXNativeTarget "Computation" */;
			buildPhases = (
				F5A5EE3224BC73BD00CCF236 /* Embed Libraries */,
				F5A5EE1A24BC732400CCF236 /* Sources */,
				F5A5EE1B24BC732400CCF236 /* Frameworks */,
				F5A5EE1C24BC732400CCF236 /* CopyFiles */,
			);
			buildRules = (
			);
			dependencies = (
			);
			name = Computation;
			productName = Computation;
			productReference = F5A5EE1E24BC732400CCF236 /* Computation */;
			productType = "com.apple.product-type.tool";
		};
		F5A5EE3624BDA1E800CCF236 /* EMD */ = {
			isa = PBXNativeTarget;
			buildConfigurationList = F5A5EE3D24BDA1E800CCF236 /* Build configuration list for PBXNativeTarget "EMD" */;
			buildPhases = (
				F5A5EE4624BDA49400CCF236 /* Embed Libraries */,
				F5A5EE3324BDA1E800CCF236 /* Sources */,
				F5A5EE3424BDA1E800CCF236 /* Frameworks */,
				F5A5EE3524BDA1E800CCF236 /* CopyFiles */,
			);
			buildRules = (
			);
			dependencies = (
			);
			name = EMD;
			productName = EMD;
			productReference = F5A5EE3724BDA1E800CCF236 /* EMD */;
			productType = "com.apple.product-type.tool";
		};
/* End PBXNativeTarget section */

/* Begin PBXProject section */
		F5A5EE0824BC705D00CCF236 /* Project object */ = {
			isa = PBXProject;
			attributes = {
				LastUpgradeCheck = 1150;
				ORGANIZATIONNAME = chenjie;
				TargetAttributes = {
					F5A5EE1D24BC732400CCF236 = {
						CreatedOnToolsVersion = 11.5;
					};
					F5A5EE3624BDA1E800CCF236 = {
						CreatedOnToolsVersion = 11.5;
					};
				};
			};
			buildConfigurationList = F5A5EE0B24BC705D00CCF236 /* Build configuration list for PBXProject "C9_Histogram" */;
			compatibilityVersion = "Xcode 9.3";
			developmentRegion = en;
			hasScannedForEncodings = 0;
			knownRegions = (
				en,
				Base,
			);
			mainGroup = F5A5EE0724BC705D00CCF236;
			productRefGroup = F5A5EE1124BC705D00CCF236 /* Products */;
			projectDirPath = "";
			projectRoot = "";
			targets = (
				F5A5EE1D24BC732400CCF236 /* Computation */,
				F5A5EE3624BDA1E800CCF236 /* EMD */,
			);
		};
/* End PBXProject section */

/* Begin PBXSourcesBuildPhase section */
		F5A5EE1A24BC732400CCF236 /* Sources */ = {
			isa = PBXSourcesBuildPhase;
			buildActionMask = 2147483647;
			files = (
				F5A5EE2124BC732400CCF236 /* main.cpp in Sources */,
			);
			runOnlyForDeploymentPostprocessing = 0;
		};
		F5A5EE3324BDA1E800CCF236 /* Sources */ = {
			isa = PBXSourcesBuildPhase;
			buildActionMask = 2147483647;
			files = (
				F5A5EE3A24BDA1E800CCF236 /* main.cpp in Sources */,
			);
			runOnlyForDeploymentPostprocessing = 0;
		};
/* End PBXSourcesBuildPhase section */

/* Begin XCBuildConfiguration section */
		F5A5EE1524BC705D00CCF236 /* Debug */ = {
			isa = XCBuildConfiguration;
			buildSettings = {
				ALWAYS_SEARCH_USER_PATHS = NO;
				CLANG_ANALYZER_NONNULL = YES;
				CLANG_ANALYZER_NUMBER_OBJECT_CONVERSION = YES_AGGRESSIVE;
				CLANG_CXX_LANGUAGE_STANDARD = "gnu++14";
				CLANG_CXX_LIBRARY = "libc++";
				CLANG_ENABLE_MODULES = YES;
				CLANG_ENABLE_OBJC_ARC = YES;
				CLANG_ENABLE_OBJC_WEAK = YES;
				CLANG_WARN_BLOCK_CAPTURE_AUTORELEASING = YES;
				CLANG_WARN_BOOL_CONVERSION = YES;
				CLANG_WARN_COMMA = YES;
				CLANG_WARN_CONSTANT_CONVERSION = YES;
				CLANG_WARN_DEPRECATED_OBJC_IMPLEMENTATIONS = YES;
				CLANG_WARN_DIRECT_OBJC_ISA_USAGE = YES_ERROR;
				CLANG_WARN_DOCUMENTATION_COMMENTS = YES;
				CLANG_WARN_EMPTY_BODY = YES;
				CLANG_WARN_ENUM_CONVERSION = YES;
				CLANG_WARN_INFINITE_RECURSION = YES;
				CLANG_WARN_INT_CONVERSION = YES;
				CLANG_WARN_NON_LITERAL_NULL_CONVERSION = YES;
				CLANG_WARN_OBJC_IMPLICIT_RETAIN_SELF = YES;
				CLANG_WARN_OBJC_LITERAL_CONVERSION = YES;
				CLANG_WARN_OBJC_ROOT_CLASS = YES_ERROR;
				CLANG_WARN_RANGE_LOOP_ANALYSIS = YES;
				CLANG_WARN_STRICT_PROTOTYPES = YES;
				CLANG_WARN_SUSPICIOUS_MOVE = YES;
				CLANG_WARN_UNGUARDED_AVAILABILITY = YES_AGGRESSIVE;
				CLANG_WARN_UNREACHABLE_CODE = YES;
				CLANG_WARN__DUPLICATE_METHOD_MATCH = YES;
				COPY_PHASE_STRIP = NO;
				DEBUG_INFORMATION_FORMAT = dwarf;
				ENABLE_STRICT_OBJC_MSGSEND = YES;
				ENABLE_TESTABILITY = YES;
				GCC_C_LANGUAGE_STANDARD = gnu11;
				GCC_DYNAMIC_NO_PIC = NO;
				GCC_NO_COMMON_BLOCKS = YES;
				GCC_OPTIMIZATION_LEVEL = 0;
				GCC_PREPROCESSOR_DEFINITIONS = (
					"DEBUG=1",
					"$(inherited)",
				);
				GCC_WARN_64_TO_32_BIT_CONVERSION = YES;
				GCC_WARN_ABOUT_RETURN_TYPE = YES_ERROR;
				GCC_WARN_UNDECLARED_SELECTOR = YES;
				GCC_WARN_UNINITIALIZED_AUTOS = YES_AGGRESSIVE;
				GCC_WARN_UNUSED_FUNCTION = YES;
				GCC_WARN_UNUSED_VARIABLE = YES;
				HEADER_SEARCH_PATHS = /Users/chenjie/Desktop/GitHubRep/OpenCV3/Frameworks/Headers;
				MACOSX_DEPLOYMENT_TARGET = 10.15;
				MTL_ENABLE_DEBUG_INFO = INCLUDE_SOURCE;
				MTL_FAST_MATH = YES;
				ONLY_ACTIVE_ARCH = YES;
				SDKROOT = macosx;
			};
			name = Debug;
		};
		F5A5EE1624BC705D00CCF236 /* Release */ = {
			isa = XCBuildConfiguration;
			buildSettings = {
				ALWAYS_SEARCH_USER_PATHS = NO;
				CLANG_ANALYZER_NONNULL = YES;
				CLANG_ANALYZER_NUMBER_OBJECT_CONVERSION = YES_AGGRESSIVE;
				CLANG_CXX_LANGUAGE_STANDARD = "gnu++14";
				CLANG_CXX_LIBRARY = "libc++";
				CLANG_ENABLE_MODULES = YES;
				CLANG_ENABLE_OBJC_ARC = YES;
				CLANG_ENABLE_OBJC_WEAK = YES;
				CLANG_WARN_BLOCK_CAPTURE_AUTORELEASING = YES;
				CLANG_WARN_BOOL_CONVERSION = YES;
				CLANG_WARN_COMMA = YES;
				CLANG_WARN_CONSTANT_CONVERSION = YES;
				CLANG_WARN_DEPRECATED_OBJC_IMPLEMENTATIONS = YES;
				CLANG_WARN_DIRECT_OBJC_ISA_USAGE = YES_ERROR;
				CLANG_WARN_DOCUMENTATION_COMMENTS = YES;
				CLANG_WARN_EMPTY_BODY = YES;
				CLANG_WARN_ENUM_CONVERSION = YES;
				CLANG_WARN_INFINITE_RECURSION = YES;
				CLANG_WARN_INT_CONVERSION = YES;
				CLANG_WARN_NON_LITERAL_NULL_CONVERSION = YES;
				CLANG_WARN_OBJC_IMPLICIT_RETAIN_SELF = YES;
				CLANG_WARN_OBJC_LITERAL_CONVERSION = YES;
				CLANG_WARN_OBJC_ROOT_CLASS = YES_ERROR;
				CLANG_WARN_RANGE_LOOP_ANALYSIS = YES;
				CLANG_WARN_STRICT_PROTOTYPES = YES;
				CLANG_WARN_SUSPICIOUS_MOVE = YES;
				CLANG_WARN_UNGUARDED_AVAILABILITY = YES_AGGRESSIVE;
				CLANG_WARN_UNREACHABLE_CODE = YES;
				CLANG_WARN__DUPLICATE_METHOD_MATCH = YES;
				COPY_PHASE_STRIP = NO;
				DEBUG_INFORMATION_FORMAT = "dwarf-with-dsym";
				ENABLE_NS_ASSERTIONS = NO;
				ENABLE_STRICT_OBJC_MSGSEND = YES;
				GCC_C_LANGUAGE_STANDARD = gnu11;
				GCC_NO_COMMON_BLOCKS = YES;
				GCC_WARN_64_TO_32_BIT_CONVERSION = YES;
				GCC_WARN_ABOUT_RETURN_TYPE = YES_ERROR;
				GCC_WARN_UNDECLARED_SELECTOR = YES;
				GCC_WARN_UNINITIALIZED_AUTOS = YES_AGGRESSIVE;
				GCC_WARN_UNUSED_FUNCTION = YES;
				GCC_WARN_UNUSED_VARIABLE = YES;
				HEADER_SEARCH_PATHS = /Users/chenjie/Desktop/GitHubRep/OpenCV3/Frameworks/Headers;
				MACOSX_DEPLOYMENT_TARGET = 10.15;
				MTL_ENABLE_DEBUG_INFO = NO;
				MTL_FAST_MATH = YES;
				SDKROOT = macosx;
			};
			name = Release;
		};
		F5A5EE2324BC732400CCF236 /* Debug */ = {
			isa = XCBuildConfiguration;
			buildSettings = {
				CODE_SIGN_STYLE = Automatic;
				DEVELOPMENT_TEAM = HABU2A8ZM2;
				ENABLE_HARDENED_RUNTIME = YES;
				PRODUCT_NAME = "$(TARGET_NAME)";
			};
			name = Debug;
		};
		F5A5EE2424BC732400CCF236 /* Release */ = {
			isa = XCBuildConfiguration;
			buildSettings = {
				CODE_SIGN_STYLE = Automatic;
				DEVELOPMENT_TEAM = HABU2A8ZM2;
				ENABLE_HARDENED_RUNTIME = YES;
				PRODUCT_NAME = "$(TARGET_NAME)";
			};
			name = Release;
		};
		F5A5EE3B24BDA1E800CCF236 /* Debug */ = {
			isa = XCBuildConfiguration;
			buildSettings = {
				CODE_SIGN_STYLE = Automatic;
				DEVELOPMENT_TEAM = HABU2A8ZM2;
				ENABLE_HARDENED_RUNTIME = YES;
				PRODUCT_NAME = "$(TARGET_NAME)";
			};
			name = Debug;
		};
		F5A5EE3C24BDA1E800CCF236 /* Release */ = {
			isa = XCBuildConfiguration;
			buildSettings = {
				CODE_SIGN_STYLE = Automatic;
				DEVELOPMENT_TEAM = HABU2A8ZM2;
				ENABLE_HARDENED_RUNTIME = YES;
				PRODUCT_NAME = "$(TARGET_NAME)";
			};
			name = Release;
		};
/* End XCBuildConfiguration section */

/* Begin XCConfigurationList section */
		F5A5EE0B24BC705D00CCF236 /* Build configuration list for PBXProject "C9_Histogram" */ = {
			isa = XCConfigurationList;
			buildConfigurations = (
				F5A5EE1524BC705D00CCF236 /* Debug */,
				F5A5EE1624BC705D00CCF236 /* Release */,
			);
			defaultConfigurationIsVisible = 0;
			defaultConfigurationName = Release;
		};
		F5A5EE2224BC732400CCF236 /* Build configuration list for PBXNativeTarget "Computation" */ = {
			isa = XCConfigurationList;
			buildConfigurations = (
				F5A5EE2324BC732400CCF236 /* Debug */,
				F5A5EE2424BC732400CCF236 /* Release */,
			);
			defaultConfigurationIsVisible = 0;
			defaultConfigurationName = Release;
		};
		F5A5EE3D24BDA1E800CCF236 /* Build configuration list for PBXNativeTarget "EMD" */ = {
			isa = XCConfigurationList;
			buildConfigurations = (
				F5A5EE3B24BDA1E800CCF236 /* Debug */,
				F5A5EE3C24BDA1E800CCF236 /* Release */,
			);
			defaultConfigurationIsVisible = 0;
			defaultConfigurationName = Release;
		};
/* End XCConfigurationList section */
	};
	rootObject = F5A5EE0824BC705D00CCF236 /* Project object */;
}
