// !$*UTF8*$!
{
	archiveVersion = 1;
	classes = {
	};
	objectVersion = 50;
	objects = {

/* Begin PBXBuildFile section */
		5599D9AD269D31D900218012 /* main.cpp in Sources */ = {isa = PBXBuildFile; fileRef = 5599D9AC269D31D900218012 /* main.cpp */; };
		F52B87D82675DCB40065507A /* main.cpp in Sources */ = {isa = PBXBuildFile; fileRef = F52B87D72675DCB40065507A /* main.cpp */; };
		F52B87DD2675DD150065507A /* libopencv_calib3d.4.5.1.dylib in Frameworks */ = {isa = PBXBuildFile; fileRef = F564E76025ECDB27000E72CD /* libopencv_calib3d.4.5.1.dylib */; };
		F52B87DE2675DD150065507A /* libopencv_calib3d.4.5.1.dylib in Embed Libraries */ = {isa = PBXBuildFile; fileRef = F564E76025ECDB27000E72CD /* libopencv_calib3d.4.5.1.dylib */; settings = {ATTRIBUTES = (CodeSignOnCopy, ); }; };
		F52B87DF2675DD150065507A /* libopencv_core.4.5.1.dylib in Frameworks */ = {isa = PBXBuildFile; fileRef = F564E75925ECDACB000E72CD /* libopencv_core.4.5.1.dylib */; };
		F52B87E02675DD150065507A /* libopencv_core.4.5.1.dylib in Embed Libraries */ = {isa = PBXBuildFile; fileRef = F564E75925ECDACB000E72CD /* libopencv_core.4.5.1.dylib */; settings = {ATTRIBUTES = (CodeSignOnCopy, ); }; };
		F52B87E12675DD150065507A /* libopencv_highgui.4.5.1.dylib in Frameworks */ = {isa = PBXBuildFile; fileRef = F564E76625ECDB82000E72CD /* libopencv_highgui.4.5.1.dylib */; };
		F52B87E22675DD150065507A /* libopencv_highgui.4.5.1.dylib in Embed Libraries */ = {isa = PBXBuildFile; fileRef = F564E76625ECDB82000E72CD /* libopencv_highgui.4.5.1.dylib */; settings = {ATTRIBUTES = (CodeSignOnCopy, ); }; };
		F52B87E32675DD150065507A /* libopencv_imgproc.4.5.1.dylib in Frameworks */ = {isa = PBXBuildFile; fileRef = F564E76325ECDB5F000E72CD /* libopencv_imgproc.4.5.1.dylib */; };
		F52B87E42675DD150065507A /* libopencv_imgproc.4.5.1.dylib in Embed Libraries */ = {isa = PBXBuildFile; fileRef = F564E76325ECDB5F000E72CD /* libopencv_imgproc.4.5.1.dylib */; settings = {ATTRIBUTES = (CodeSignOnCopy, ); }; };
		F52B87E72675DD150065507A /* libopencv_videoio.4.2.0.dylib in Frameworks */ = {isa = PBXBuildFile; fileRef = F52B87E62675DD150065507A /* libopencv_videoio.4.2.0.dylib */; };
		F52B87E82675DD150065507A /* libopencv_videoio.4.2.0.dylib in Embed Libraries */ = {isa = PBXBuildFile; fileRef = F52B87E62675DD150065507A /* libopencv_videoio.4.2.0.dylib */; settings = {ATTRIBUTES = (CodeSignOnCopy, ); }; };
		F564E75A25ECDACB000E72CD /* libopencv_core.4.5.1.dylib in Frameworks */ = {isa = PBXBuildFile; fileRef = F564E75925ECDACB000E72CD /* libopencv_core.4.5.1.dylib */; };
		F564E75B25ECDACB000E72CD /* libopencv_core.4.5.1.dylib in Embed Libraries */ = {isa = PBXBuildFile; fileRef = F564E75925ECDACB000E72CD /* libopencv_core.4.5.1.dylib */; settings = {ATTRIBUTES = (CodeSignOnCopy, ); }; };
		F564E75E25ECDAF7000E72CD /* libopencv_imgcodecs.4.5.1.dylib in Frameworks */ = {isa = PBXBuildFile; fileRef = F564E75D25ECDAF7000E72CD /* libopencv_imgcodecs.4.5.1.dylib */; };
		F564E75F25ECDAF7000E72CD /* libopencv_imgcodecs.4.5.1.dylib in Embed Libraries */ = {isa = PBXBuildFile; fileRef = F564E75D25ECDAF7000E72CD /* libopencv_imgcodecs.4.5.1.dylib */; settings = {ATTRIBUTES = (CodeSignOnCopy, ); }; };
		F564E76125ECDB27000E72CD /* libopencv_calib3d.4.5.1.dylib in Frameworks */ = {isa = PBXBuildFile; fileRef = F564E76025ECDB27000E72CD /* libopencv_calib3d.4.5.1.dylib */; };
		F564E76225ECDB27000E72CD /* libopencv_calib3d.4.5.1.dylib in Embed Libraries */ = {isa = PBXBuildFile; fileRef = F564E76025ECDB27000E72CD /* libopencv_calib3d.4.5.1.dylib */; settings = {ATTRIBUTES = (CodeSignOnCopy, ); }; };
		F564E76425ECDB5F000E72CD /* libopencv_imgproc.4.5.1.dylib in Frameworks */ = {isa = PBXBuildFile; fileRef = F564E76325ECDB5F000E72CD /* libopencv_imgproc.4.5.1.dylib */; };
		F564E76525ECDB5F000E72CD /* libopencv_imgproc.4.5.1.dylib in Embed Libraries */ = {isa = PBXBuildFile; fileRef = F564E76325ECDB5F000E72CD /* libopencv_imgproc.4.5.1.dylib */; settings = {ATTRIBUTES = (CodeSignOnCopy, ); }; };
		F564E76725ECDB82000E72CD /* libopencv_highgui.4.5.1.dylib in Frameworks */ = {isa = PBXBuildFile; fileRef = F564E76625ECDB82000E72CD /* libopencv_highgui.4.5.1.dylib */; };
		F564E76825ECDB82000E72CD /* libopencv_highgui.4.5.1.dylib in Embed Libraries */ = {isa = PBXBuildFile; fileRef = F564E76625ECDB82000E72CD /* libopencv_highgui.4.5.1.dylib */; settings = {ATTRIBUTES = (CodeSignOnCopy, ); }; };
		F5723AE825DA66A400D824E9 /* main.cpp in Sources */ = {isa = PBXBuildFile; fileRef = F5723AE725DA66A400D824E9 /* main.cpp */; };
/* End PBXBuildFile section */

/* Begin PBXCopyFilesBuildPhase section */
		5599D9A8269D31D800218012 /* CopyFiles */ = {
			isa = PBXCopyFilesBuildPhase;
			buildActionMask = 2147483647;
			dstPath = /usr/share/man/man1/;
			dstSubfolderSpec = 0;
			files = (
			);
			runOnlyForDeploymentPostprocessing = 1;
		};
		F52B87D32675DCB40065507A /* CopyFiles */ = {
			isa = PBXCopyFilesBuildPhase;
			buildActionMask = 2147483647;
			dstPath = /usr/share/man/man1/;
			dstSubfolderSpec = 0;
			files = (
			);
			runOnlyForDeploymentPostprocessing = 1;
		};
		F52B87E52675DD150065507A /* Embed Libraries */ = {
			isa = PBXCopyFilesBuildPhase;
			buildActionMask = 2147483647;
			dstPath = "";
			dstSubfolderSpec = 10;
			files = (
				F52B87E02675DD150065507A /* libopencv_core.4.5.1.dylib in Embed Libraries */,
				F52B87E42675DD150065507A /* libopencv_imgproc.4.5.1.dylib in Embed Libraries */,
				F52B87E82675DD150065507A /* libopencv_videoio.4.2.0.dylib in Embed Libraries */,
				F52B87E22675DD150065507A /* libopencv_highgui.4.5.1.dylib in Embed Libraries */,
				F52B87DE2675DD150065507A /* libopencv_calib3d.4.5.1.dylib in Embed Libraries */,
			);
			name = "Embed Libraries";
			runOnlyForDeploymentPostprocessing = 0;
		};
		F564E75C25ECDACB000E72CD /* Embed Libraries */ = {
			isa = PBXCopyFilesBuildPhase;
			buildActionMask = 2147483647;
			dstPath = "";
			dstSubfolderSpec = 10;
			files = (
				F564E75F25ECDAF7000E72CD /* libopencv_imgcodecs.4.5.1.dylib in Embed Libraries */,
				F564E76525ECDB5F000E72CD /* libopencv_imgproc.4.5.1.dylib in Embed Libraries */,
				F564E76825ECDB82000E72CD /* libopencv_highgui.4.5.1.dylib in Embed Libraries */,
				F564E76225ECDB27000E72CD /* libopencv_calib3d.4.5.1.dylib in Embed Libraries */,
				F564E75B25ECDACB000E72CD /* libopencv_core.4.5.1.dylib in Embed Libraries */,
			);
			name = "Embed Libraries";
			runOnlyForDeploymentPostprocessing = 0;
		};
		F5723AE325DA66A400D824E9 /* CopyFiles */ = {
			isa = PBXCopyFilesBuildPhase;
			buildActionMask = 2147483647;
			dstPath = /usr/share/man/man1/;
			dstSubfolderSpec = 0;
			files = (
			);
			runOnlyForDeploymentPostprocessing = 1;
		};
/* End PBXCopyFilesBuildPhase section */

/* Begin PBXFileReference section */
		5599D9AA269D31D800218012 /* Comprehensive */ = {isa = PBXFileReference; explicitFileType = "compiled.mach-o.executable"; includeInIndex = 0; path = Comprehensive; sourceTree = BUILT_PRODUCTS_DIR; };
		5599D9AC269D31D900218012 /* main.cpp */ = {isa = PBXFileReference; lastKnownFileType = sourcecode.cpp.cpp; path = main.cpp; sourceTree = "<group>"; };
		F52B87D52675DCB40065507A /* FundamentalMatrix */ = {isa = PBXFileReference; explicitFileType = "compiled.mach-o.executable"; includeInIndex = 0; path = FundamentalMatrix; sourceTree = BUILT_PRODUCTS_DIR; };
		F52B87D72675DCB40065507A /* main.cpp */ = {isa = PBXFileReference; lastKnownFileType = sourcecode.cpp.cpp; path = main.cpp; sourceTree = "<group>"; };
		F52B87E62675DD150065507A /* libopencv_videoio.4.2.0.dylib */ = {isa = PBXFileReference; lastKnownFileType = "compiled.mach-o.dylib"; name = libopencv_videoio.4.2.0.dylib; path = ../Frameworks/libopencv_videoio.4.2.0.dylib; sourceTree = "<group>"; };
		F564E75925ECDACB000E72CD /* libopencv_core.4.5.1.dylib */ = {isa = PBXFileReference; lastKnownFileType = "compiled.mach-o.dylib"; name = libopencv_core.4.5.1.dylib; path = ../Frameworks/libopencv_core.4.5.1.dylib; sourceTree = "<group>"; };
		F564E75D25ECDAF7000E72CD /* libopencv_imgcodecs.4.5.1.dylib */ = {isa = PBXFileReference; lastKnownFileType = "compiled.mach-o.dylib"; name = libopencv_imgcodecs.4.5.1.dylib; path = ../Frameworks/libopencv_imgcodecs.4.5.1.dylib; sourceTree = "<group>"; };
		F564E76025ECDB27000E72CD /* libopencv_calib3d.4.5.1.dylib */ = {isa = PBXFileReference; lastKnownFileType = "compiled.mach-o.dylib"; name = libopencv_calib3d.4.5.1.dylib; path = ../Frameworks/libopencv_calib3d.4.5.1.dylib; sourceTree = "<group>"; };
		F564E76325ECDB5F000E72CD /* libopencv_imgproc.4.5.1.dylib */ = {isa = PBXFileReference; lastKnownFileType = "compiled.mach-o.dylib"; name = libopencv_imgproc.4.5.1.dylib; path = ../Frameworks/libopencv_imgproc.4.5.1.dylib; sourceTree = "<group>"; };
		F564E76625ECDB82000E72CD /* libopencv_highgui.4.5.1.dylib */ = {isa = PBXFileReference; lastKnownFileType = "compiled.mach-o.dylib"; name = libopencv_highgui.4.5.1.dylib; path = ../Frameworks/libopencv_highgui.4.5.1.dylib; sourceTree = "<group>"; };
		F5723AE525DA66A400D824E9 /* BirdEyeView */ = {isa = PBXFileReference; explicitFileType = "compiled.mach-o.executable"; includeInIndex = 0; path = BirdEyeView; sourceTree = BUILT_PRODUCTS_DIR; };
		F5723AE725DA66A400D824E9 /* main.cpp */ = {isa = PBXFileReference; lastKnownFileType = sourcecode.cpp.cpp; path = main.cpp; sourceTree = "<group>"; };
/* End PBXFileReference section */

/* Begin PBXFrameworksBuildPhase section */
		5599D9A7269D31D800218012 /* Frameworks */ = {
			isa = PBXFrameworksBuildPhase;
			buildActionMask = 2147483647;
			files = (
			);
			runOnlyForDeploymentPostprocessing = 0;
		};
		F52B87D22675DCB40065507A /* Frameworks */ = {
			isa = PBXFrameworksBuildPhase;
			buildActionMask = 2147483647;
			files = (
				F52B87DF2675DD150065507A /* libopencv_core.4.5.1.dylib in Frameworks */,
				F52B87E32675DD150065507A /* libopencv_imgproc.4.5.1.dylib in Frameworks */,
				F52B87E72675DD150065507A /* libopencv_videoio.4.2.0.dylib in Frameworks */,
				F52B87E12675DD150065507A /* libopencv_highgui.4.5.1.dylib in Frameworks */,
				F52B87DD2675DD150065507A /* libopencv_calib3d.4.5.1.dylib in Frameworks */,
			);
			runOnlyForDeploymentPostprocessing = 0;
		};
		F5723AE225DA66A400D824E9 /* Frameworks */ = {
			isa = PBXFrameworksBuildPhase;
			buildActionMask = 2147483647;
			files = (
				F564E75E25ECDAF7000E72CD /* libopencv_imgcodecs.4.5.1.dylib in Frameworks */,
				F564E76425ECDB5F000E72CD /* libopencv_imgproc.4.5.1.dylib in Frameworks */,
				F564E76725ECDB82000E72CD /* libopencv_highgui.4.5.1.dylib in Frameworks */,
				F564E76125ECDB27000E72CD /* libopencv_calib3d.4.5.1.dylib in Frameworks */,
				F564E75A25ECDACB000E72CD /* libopencv_core.4.5.1.dylib in Frameworks */,
			);
			runOnlyForDeploymentPostprocessing = 0;
		};
/* End PBXFrameworksBuildPhase section */

/* Begin PBXGroup section */
		5599D9AB269D31D900218012 /* Comprehensive */ = {
			isa = PBXGroup;
			children = (
				5599D9AC269D31D900218012 /* main.cpp */,
			);
			path = Comprehensive;
			sourceTree = "<group>";
		};
		F52B87D62675DCB40065507A /* FundamentalMatrix */ = {
			isa = PBXGroup;
			children = (
				F52B87D72675DCB40065507A /* main.cpp */,
			);
			path = FundamentalMatrix;
			sourceTree = "<group>";
		};
		F564E75825ECDACB000E72CD /* Frameworks */ = {
			isa = PBXGroup;
			children = (
				F52B87E62675DD150065507A /* libopencv_videoio.4.2.0.dylib */,
				F564E76625ECDB82000E72CD /* libopencv_highgui.4.5.1.dylib */,
				F564E76325ECDB5F000E72CD /* libopencv_imgproc.4.5.1.dylib */,
				F564E76025ECDB27000E72CD /* libopencv_calib3d.4.5.1.dylib */,
				F564E75D25ECDAF7000E72CD /* libopencv_imgcodecs.4.5.1.dylib */,
				F564E75925ECDACB000E72CD /* libopencv_core.4.5.1.dylib */,
			);
			name = Frameworks;
			sourceTree = "<group>";
		};
		F5723ACD25DA666600D824E9 = {
			isa = PBXGroup;
			children = (
				F5723AE625DA66A400D824E9 /* BirdEyeView */,
				F52B87D62675DCB40065507A /* FundamentalMatrix */,
				5599D9AB269D31D900218012 /* Comprehensive */,
				F5723AD725DA666600D824E9 /* Products */,
				F564E75825ECDACB000E72CD /* Frameworks */,
			);
			sourceTree = "<group>";
		};
		F5723AD725DA666600D824E9 /* Products */ = {
			isa = PBXGroup;
			children = (
				F5723AE525DA66A400D824E9 /* BirdEyeView */,
				F52B87D52675DCB40065507A /* FundamentalMatrix */,
				5599D9AA269D31D800218012 /* Comprehensive */,
			);
			name = Products;
			sourceTree = "<group>";
		};
		F5723AE625DA66A400D824E9 /* BirdEyeView */ = {
			isa = PBXGroup;
			children = (
				F5723AE725DA66A400D824E9 /* main.cpp */,
			);
			path = BirdEyeView;
			sourceTree = "<group>";
		};
/* End PBXGroup section */

/* Begin PBXNativeTarget section */
		5599D9A9269D31D800218012 /* Comprehensive */ = {
			isa = PBXNativeTarget;
			buildConfigurationList = 5599D9B0269D31D900218012 /* Build configuration list for PBXNativeTarget "Comprehensive" */;
			buildPhases = (
				5599D9A6269D31D800218012 /* Sources */,
				5599D9A7269D31D800218012 /* Frameworks */,
				5599D9A8269D31D800218012 /* CopyFiles */,
			);
			buildRules = (
			);
			dependencies = (
			);
			name = Comprehensive;
			productName = Comprehensive;
			productReference = 5599D9AA269D31D800218012 /* Comprehensive */;
			productType = "com.apple.product-type.tool";
		};
		F52B87D42675DCB40065507A /* FundamentalMatrix */ = {
			isa = PBXNativeTarget;
			buildConfigurationList = F52B87D92675DCB40065507A /* Build configuration list for PBXNativeTarget "FundamentalMatrix" */;
			buildPhases = (
				F52B87E52675DD150065507A /* Embed Libraries */,
				F52B87D12675DCB40065507A /* Sources */,
				F52B87D22675DCB40065507A /* Frameworks */,
				F52B87D32675DCB40065507A /* CopyFiles */,
			);
			buildRules = (
			);
			dependencies = (
			);
			name = FundamentalMatrix;
			productName = FundamentalMatrix;
			productReference = F52B87D52675DCB40065507A /* FundamentalMatrix */;
			productType = "com.apple.product-type.tool";
		};
		F5723AE425DA66A400D824E9 /* BirdEyeView */ = {
			isa = PBXNativeTarget;
			buildConfigurationList = F5723AE925DA66A400D824E9 /* Build configuration list for PBXNativeTarget "BirdEyeView" */;
			buildPhases = (
				F5723AE225DA66A400D824E9 /* Frameworks */,
				F564E75C25ECDACB000E72CD /* Embed Libraries */,
				F5723AE125DA66A400D824E9 /* Sources */,
				F5723AE325DA66A400D824E9 /* CopyFiles */,
			);
			buildRules = (
			);
			dependencies = (
			);
			name = BirdEyeView;
			productName = BirdEyeView;
			productReference = F5723AE525DA66A400D824E9 /* BirdEyeView */;
			productType = "com.apple.product-type.tool";
		};
/* End PBXNativeTarget section */

/* Begin PBXProject section */
		F5723ACE25DA666600D824E9 /* Project object */ = {
			isa = PBXProject;
			attributes = {
				LastUpgradeCheck = 1240;
				TargetAttributes = {
					5599D9A9269D31D800218012 = {
						CreatedOnToolsVersion = 12.5;
					};
					F52B87D42675DCB40065507A = {
						CreatedOnToolsVersion = 12.3;
					};
					F5723AE425DA66A400D824E9 = {
						CreatedOnToolsVersion = 12.4;
					};
				};
			};
			buildConfigurationList = F5723AD125DA666600D824E9 /* Build configuration list for PBXProject "C15_Projection" */;
			compatibilityVersion = "Xcode 9.3";
			developmentRegion = en;
			hasScannedForEncodings = 0;
			knownRegions = (
				en,
				Base,
			);
			mainGroup = F5723ACD25DA666600D824E9;
			productRefGroup = F5723AD725DA666600D824E9 /* Products */;
			projectDirPath = "";
			projectRoot = "";
			targets = (
				F5723AE425DA66A400D824E9 /* BirdEyeView */,
				F52B87D42675DCB40065507A /* FundamentalMatrix */,
				5599D9A9269D31D800218012 /* Comprehensive */,
			);
		};
/* End PBXProject section */

/* Begin PBXSourcesBuildPhase section */
		5599D9A6269D31D800218012 /* Sources */ = {
			isa = PBXSourcesBuildPhase;
			buildActionMask = 2147483647;
			files = (
				5599D9AD269D31D900218012 /* main.cpp in Sources */,
			);
			runOnlyForDeploymentPostprocessing = 0;
		};
		F52B87D12675DCB40065507A /* Sources */ = {
			isa = PBXSourcesBuildPhase;
			buildActionMask = 2147483647;
			files = (
				F52B87D82675DCB40065507A /* main.cpp in Sources */,
			);
			runOnlyForDeploymentPostprocessing = 0;
		};
		F5723AE125DA66A400D824E9 /* Sources */ = {
			isa = PBXSourcesBuildPhase;
			buildActionMask = 2147483647;
			files = (
				F5723AE825DA66A400D824E9 /* main.cpp in Sources */,
			);
			runOnlyForDeploymentPostprocessing = 0;
		};
/* End PBXSourcesBuildPhase section */

/* Begin XCBuildConfiguration section */
		5599D9AE269D31D900218012 /* Debug */ = {
			isa = XCBuildConfiguration;
			buildSettings = {
				CODE_SIGN_STYLE = Automatic;
				MACOSX_DEPLOYMENT_TARGET = 11.3;
				PRODUCT_NAME = "$(TARGET_NAME)";
			};
			name = Debug;
		};
		5599D9AF269D31D900218012 /* Release */ = {
			isa = XCBuildConfiguration;
			buildSettings = {
				CODE_SIGN_STYLE = Automatic;
				MACOSX_DEPLOYMENT_TARGET = 11.3;
				PRODUCT_NAME = "$(TARGET_NAME)";
			};
			name = Release;
		};
		F52B87DA2675DCB40065507A /* Debug */ = {
			isa = XCBuildConfiguration;
			buildSettings = {
				CODE_SIGN_STYLE = Automatic;
				PRODUCT_NAME = "$(TARGET_NAME)";
			};
			name = Debug;
		};
		F52B87DB2675DCB40065507A /* Release */ = {
			isa = XCBuildConfiguration;
			buildSettings = {
				CODE_SIGN_STYLE = Automatic;
				PRODUCT_NAME = "$(TARGET_NAME)";
			};
			name = Release;
		};
		F5723ADB25DA666600D824E9 /* Debug */ = {
			isa = XCBuildConfiguration;
			buildSettings = {
				ALWAYS_SEARCH_USER_PATHS = NO;
				CLANG_ANALYZER_NONNULL = YES;
				CLANG_ANALYZER_NUMBER_OBJECT_CONVERSION = YES_AGGRESSIVE;
				CLANG_CXX_LANGUAGE_STANDARD = "gnu++14";
				CLANG_CXX_LIBRARY = "libc++";
				CLANG_ENABLE_MODULES = YES;
				CLANG_ENABLE_OBJC_ARC = YES;
				CLANG_ENABLE_OBJC_WEAK = YES;
				CLANG_WARN_BLOCK_CAPTURE_AUTORELEASING = YES;
				CLANG_WARN_BOOL_CONVERSION = YES;
				CLANG_WARN_COMMA = YES;
				CLANG_WARN_CONSTANT_CONVERSION = YES;
				CLANG_WARN_DEPRECATED_OBJC_IMPLEMENTATIONS = YES;
				CLANG_WARN_DIRECT_OBJC_ISA_USAGE = YES_ERROR;
				CLANG_WARN_DOCUMENTATION_COMMENTS = YES;
				CLANG_WARN_EMPTY_BODY = YES;
				CLANG_WARN_ENUM_CONVERSION = YES;
				CLANG_WARN_INFINITE_RECURSION = YES;
				CLANG_WARN_INT_CONVERSION = YES;
				CLANG_WARN_NON_LITERAL_NULL_CONVERSION = YES;
				CLANG_WARN_OBJC_IMPLICIT_RETAIN_SELF = YES;
				CLANG_WARN_OBJC_LITERAL_CONVERSION = YES;
				CLANG_WARN_OBJC_ROOT_CLASS = YES_ERROR;
				CLANG_WARN_QUOTED_INCLUDE_IN_FRAMEWORK_HEADER = YES;
				CLANG_WARN_RANGE_LOOP_ANALYSIS = YES;
				CLANG_WARN_STRICT_PROTOTYPES = YES;
				CLANG_WARN_SUSPICIOUS_MOVE = YES;
				CLANG_WARN_UNGUARDED_AVAILABILITY = YES_AGGRESSIVE;
				CLANG_WARN_UNREACHABLE_CODE = YES;
				CLANG_WARN__DUPLICATE_METHOD_MATCH = YES;
				COPY_PHASE_STRIP = NO;
				DEBUG_INFORMATION_FORMAT = dwarf;
				ENABLE_STRICT_OBJC_MSGSEND = YES;
				ENABLE_TESTABILITY = YES;
				GCC_C_LANGUAGE_STANDARD = gnu11;
				GCC_DYNAMIC_NO_PIC = NO;
				GCC_NO_COMMON_BLOCKS = YES;
				GCC_OPTIMIZATION_LEVEL = 0;
				GCC_PREPROCESSOR_DEFINITIONS = (
					"DEBUG=1",
					"$(inherited)",
				);
				GCC_WARN_64_TO_32_BIT_CONVERSION = YES;
				GCC_WARN_ABOUT_RETURN_TYPE = YES_ERROR;
				GCC_WARN_UNDECLARED_SELECTOR = YES;
				GCC_WARN_UNINITIALIZED_AUTOS = YES_AGGRESSIVE;
				GCC_WARN_UNUSED_FUNCTION = YES;
				GCC_WARN_UNUSED_VARIABLE = YES;
				HEADER_SEARCH_PATHS = "$(SRCROOT)/../Frameworks/Headers";
				MACOSX_DEPLOYMENT_TARGET = 11.1;
				MTL_ENABLE_DEBUG_INFO = INCLUDE_SOURCE;
				MTL_FAST_MATH = YES;
				ONLY_ACTIVE_ARCH = YES;
				SDKROOT = macosx;
			};
			name = Debug;
		};
		F5723ADC25DA666600D824E9 /* Release */ = {
			isa = XCBuildConfiguration;
			buildSettings = {
				ALWAYS_SEARCH_USER_PATHS = NO;
				CLANG_ANALYZER_NONNULL = YES;
				CLANG_ANALYZER_NUMBER_OBJECT_CONVERSION = YES_AGGRESSIVE;
				CLANG_CXX_LANGUAGE_STANDARD = "gnu++14";
				CLANG_CXX_LIBRARY = "libc++";
				CLANG_ENABLE_MODULES = YES;
				CLANG_ENABLE_OBJC_ARC = YES;
				CLANG_ENABLE_OBJC_WEAK = YES;
				CLANG_WARN_BLOCK_CAPTURE_AUTORELEASING = YES;
				CLANG_WARN_BOOL_CONVERSION = YES;
				CLANG_WARN_COMMA = YES;
				CLANG_WARN_CONSTANT_CONVERSION = YES;
				CLANG_WARN_DEPRECATED_OBJC_IMPLEMENTATIONS = YES;
				CLANG_WARN_DIRECT_OBJC_ISA_USAGE = YES_ERROR;
				CLANG_WARN_DOCUMENTATION_COMMENTS = YES;
				CLANG_WARN_EMPTY_BODY = YES;
				CLANG_WARN_ENUM_CONVERSION = YES;
				CLANG_WARN_INFINITE_RECURSION = YES;
				CLANG_WARN_INT_CONVERSION = YES;
				CLANG_WARN_NON_LITERAL_NULL_CONVERSION = YES;
				CLANG_WARN_OBJC_IMPLICIT_RETAIN_SELF = YES;
				CLANG_WARN_OBJC_LITERAL_CONVERSION = YES;
				CLANG_WARN_OBJC_ROOT_CLASS = YES_ERROR;
				CLANG_WARN_QUOTED_INCLUDE_IN_FRAMEWORK_HEADER = YES;
				CLANG_WARN_RANGE_LOOP_ANALYSIS = YES;
				CLANG_WARN_STRICT_PROTOTYPES = YES;
				CLANG_WARN_SUSPICIOUS_MOVE = YES;
				CLANG_WARN_UNGUARDED_AVAILABILITY = YES_AGGRESSIVE;
				CLANG_WARN_UNREACHABLE_CODE = YES;
				CLANG_WARN__DUPLICATE_METHOD_MATCH = YES;
				COPY_PHASE_STRIP = NO;
				DEBUG_INFORMATION_FORMAT = "dwarf-with-dsym";
				ENABLE_NS_ASSERTIONS = NO;
				ENABLE_STRICT_OBJC_MSGSEND = YES;
				GCC_C_LANGUAGE_STANDARD = gnu11;
				GCC_NO_COMMON_BLOCKS = YES;
				GCC_WARN_64_TO_32_BIT_CONVERSION = YES;
				GCC_WARN_ABOUT_RETURN_TYPE = YES_ERROR;
				GCC_WARN_UNDECLARED_SELECTOR = YES;
				GCC_WARN_UNINITIALIZED_AUTOS = YES_AGGRESSIVE;
				GCC_WARN_UNUSED_FUNCTION = YES;
				GCC_WARN_UNUSED_VARIABLE = YES;
				HEADER_SEARCH_PATHS = "$(SRCROOT)/../Frameworks/Headers";
				MACOSX_DEPLOYMENT_TARGET = 11.1;
				MTL_ENABLE_DEBUG_INFO = NO;
				MTL_FAST_MATH = YES;
				SDKROOT = macosx;
			};
			name = Release;
		};
		F5723AEA25DA66A400D824E9 /* Debug */ = {
			isa = XCBuildConfiguration;
			buildSettings = {
				CODE_SIGN_STYLE = Automatic;
				DEVELOPMENT_TEAM = F6QSEMKSK2;
				ENABLE_HARDENED_RUNTIME = YES;
				PRODUCT_NAME = "$(TARGET_NAME)";
			};
			name = Debug;
		};
		F5723AEB25DA66A400D824E9 /* Release */ = {
			isa = XCBuildConfiguration;
			buildSettings = {
				CODE_SIGN_STYLE = Automatic;
				DEVELOPMENT_TEAM = F6QSEMKSK2;
				ENABLE_HARDENED_RUNTIME = YES;
				PRODUCT_NAME = "$(TARGET_NAME)";
			};
			name = Release;
		};
/* End XCBuildConfiguration section */

/* Begin XCConfigurationList section */
		5599D9B0269D31D900218012 /* Build configuration list for PBXNativeTarget "Comprehensive" */ = {
			isa = XCConfigurationList;
			buildConfigurations = (
				5599D9AE269D31D900218012 /* Debug */,
				5599D9AF269D31D900218012 /* Release */,
			);
			defaultConfigurationIsVisible = 0;
			defaultConfigurationName = Release;
		};
		F52B87D92675DCB40065507A /* Build configuration list for PBXNativeTarget "FundamentalMatrix" */ = {
			isa = XCConfigurationList;
			buildConfigurations = (
				F52B87DA2675DCB40065507A /* Debug */,
				F52B87DB2675DCB40065507A /* Release */,
			);
			defaultConfigurationIsVisible = 0;
			defaultConfigurationName = Release;
		};
		F5723AD125DA666600D824E9 /* Build configuration list for PBXProject "C15_Projection" */ = {
			isa = XCConfigurationList;
			buildConfigurations = (
				F5723ADB25DA666600D824E9 /* Debug */,
				F5723ADC25DA666600D824E9 /* Release */,
			);
			defaultConfigurationIsVisible = 0;
			defaultConfigurationName = Release;
		};
		F5723AE925DA66A400D824E9 /* Build configuration list for PBXNativeTarget "BirdEyeView" */ = {
			isa = XCConfigurationList;
			buildConfigurations = (
				F5723AEA25DA66A400D824E9 /* Debug */,
				F5723AEB25DA66A400D824E9 /* Release */,
			);
			defaultConfigurationIsVisible = 0;
			defaultConfigurationName = Release;
		};
/* End XCConfigurationList section */
	};
	rootObject = F5723ACE25DA666600D824E9 /* Project object */;
}
